// !$*UTF8*$!
{
	archiveVersion = 1;
	classes = {
	};
	objectVersion = 56;
	objects = {

/* Begin PBXBuildFile section */
		2E527A412ACC80C6005B8B95 /* UnitedFuelFinderApp.swift in Sources */ = {isa = PBXBuildFile; fileRef = 2E527A402ACC80C6005B8B95 /* UnitedFuelFinderApp.swift */; };
		2E527A432ACC80C6005B8B95 /* MainView.swift in Sources */ = {isa = PBXBuildFile; fileRef = 2E527A422ACC80C6005B8B95 /* MainView.swift */; };
		2E527A452ACC80C8005B8B95 /* Assets.xcassets in Resources */ = {isa = PBXBuildFile; fileRef = 2E527A442ACC80C8005B8B95 /* Assets.xcassets */; };
		2E527A482ACC80C8005B8B95 /* Preview Assets.xcassets in Resources */ = {isa = PBXBuildFile; fileRef = 2E527A472ACC80C8005B8B95 /* Preview Assets.xcassets */; };
		2E527A772ACC83C0005B8B95 /* SelectLanguageView.swift in Sources */ = {isa = PBXBuildFile; fileRef = 2E527A762ACC83C0005B8B95 /* SelectLanguageView.swift */; };
		2E527A792ACC83DB005B8B95 /* AuthView.swift in Sources */ = {isa = PBXBuildFile; fileRef = 2E527A782ACC83DB005B8B95 /* AuthView.swift */; };
		2E527A7B2ACC8402005B8B95 /* RegisterProfileView.swift in Sources */ = {isa = PBXBuildFile; fileRef = 2E527A7A2ACC8402005B8B95 /* RegisterProfileView.swift */; };
		2EDF8C002AD1E1FA003D64FC /* UIApp+Extension.swift in Sources */ = {isa = PBXBuildFile; fileRef = 2EDF8BFF2AD1E1FA003D64FC /* UIApp+Extension.swift */; };
		2EDF8C032AD1E234003D64FC /* NoitificationContentView.swift in Sources */ = {isa = PBXBuildFile; fileRef = 2EDF8C022AD1E234003D64FC /* NoitificationContentView.swift */; };
		2EDF8C1A2AD1EE97003D64FC /* Realm in Frameworks */ = {isa = PBXBuildFile; productRef = 2EDF8C192AD1EE97003D64FC /* Realm */; };
		2EDF8C1C2AD1EE97003D64FC /* RealmSwift in Frameworks */ = {isa = PBXBuildFile; productRef = 2EDF8C1B2AD1EE97003D64FC /* RealmSwift */; };
		2EDF8C1D2AD1F007003D64FC /* USDK.framework in Frameworks */ = {isa = PBXBuildFile; fileRef = 2EE91CFD2AD07D5C00A425B5 /* USDK.framework */; };
		2EDF8C1E2AD1F007003D64FC /* USDK.framework in Embed Frameworks */ = {isa = PBXBuildFile; fileRef = 2EE91CFD2AD07D5C00A425B5 /* USDK.framework */; settings = {ATTRIBUTES = (CodeSignOnCopy, RemoveHeadersOnCopy, ); }; };
		2EDF8C232AD1F04A003D64FC /* Realm in Frameworks */ = {isa = PBXBuildFile; productRef = 2EDF8C222AD1F04A003D64FC /* Realm */; };
		2EDF8C252AD1F04A003D64FC /* RealmSwift in Frameworks */ = {isa = PBXBuildFile; productRef = 2EDF8C242AD1F04A003D64FC /* RealmSwift */; };
		2EDF8C272AD1F04A003D64FC /* Kingfisher in Frameworks */ = {isa = PBXBuildFile; productRef = 2EDF8C262AD1F04A003D64FC /* Kingfisher */; };
		2EDF8C292AD1F04A003D64FC /* SwiftKeychainWrapper in Frameworks */ = {isa = PBXBuildFile; productRef = 2EDF8C282AD1F04A003D64FC /* SwiftKeychainWrapper */; };
		2EDF8C2B2AD28B6B003D64FC /* Color+Extension.swift in Sources */ = {isa = PBXBuildFile; fileRef = 2EDF8C2A2AD28B6B003D64FC /* Color+Extension.swift */; };
		2EDF8C302AD2A35F003D64FC /* SubmitButton.swift in Sources */ = {isa = PBXBuildFile; fileRef = 2EDF8C2F2AD2A35F003D64FC /* SubmitButton.swift */; };
		2EDF8C342AD2A8CE003D64FC /* RadioButton.swift in Sources */ = {isa = PBXBuildFile; fileRef = 2EDF8C332AD2A8CE003D64FC /* RadioButton.swift */; };
		2EDF8C392AD2BDE7003D64FC /* RectModifer.swift in Sources */ = {isa = PBXBuildFile; fileRef = 2EDF8C382AD2BDE7003D64FC /* RectModifer.swift */; };
		2EDF8C3D2AD2CD3F003D64FC /* Localizable.xcstrings in Resources */ = {isa = PBXBuildFile; fileRef = 2EDF8C3C2AD2CD3F003D64FC /* Localizable.xcstrings */; };
		2EDF8C412AD2D865003D64FC /* AppDestination.swift in Sources */ = {isa = PBXBuildFile; fileRef = 2EDF8C402AD2D865003D64FC /* AppDestination.swift */; };
		2EDF8C442AD2DCB8003D64FC /* MainViewModel.swift in Sources */ = {isa = PBXBuildFile; fileRef = 2EDF8C432AD2DCB8003D64FC /* MainViewModel.swift */; };
		2EDF8C462AD2DD58003D64FC /* LoadingView.swift in Sources */ = {isa = PBXBuildFile; fileRef = 2EDF8C452AD2DD58003D64FC /* LoadingView.swift */; };
		2EDF8C4A2AD2EE08003D64FC /* ActivityIndicatorView.swift in Sources */ = {isa = PBXBuildFile; fileRef = 2EDF8C492AD2EE08003D64FC /* ActivityIndicatorView.swift */; };
		2EDF8C4E2AD309F9003D64FC /* LoadingViewModel.swift in Sources */ = {isa = PBXBuildFile; fileRef = 2EDF8C4D2AD309F9003D64FC /* LoadingViewModel.swift */; };
		2EDF8C572AD345C1003D64FC /* TextFieldProtocol.swift in Sources */ = {isa = PBXBuildFile; fileRef = 2EDF8C522AD345C1003D64FC /* TextFieldProtocol.swift */; };
		2EDF8C582AD345C1003D64FC /* YTextField.swift in Sources */ = {isa = PBXBuildFile; fileRef = 2EDF8C532AD345C1003D64FC /* YTextField.swift */; };
		2EDF8C592AD345C1003D64FC /* YFormattedField.swift in Sources */ = {isa = PBXBuildFile; fileRef = 2EDF8C542AD345C1003D64FC /* YFormattedField.swift */; };
		2EDF8C5A2AD345C1003D64FC /* YPhoneField.swift in Sources */ = {isa = PBXBuildFile; fileRef = 2EDF8C552AD345C1003D64FC /* YPhoneField.swift */; };
		2EDF8C5B2AD345C1003D64FC /* YTextField+Extension.swift in Sources */ = {isa = PBXBuildFile; fileRef = 2EDF8C562AD345C1003D64FC /* YTextField+Extension.swift */; };
		2EDF8C5E2AD3462B003D64FC /* Padding.swift in Sources */ = {isa = PBXBuildFile; fileRef = 2EDF8C5D2AD3462B003D64FC /* Padding.swift */; };
		2EDF8C602AD43822003D64FC /* CheckButton.swift in Sources */ = {isa = PBXBuildFile; fileRef = 2EDF8C5F2AD43822003D64FC /* CheckButton.swift */; };
		2EDF8C632AD44251003D64FC /* PinCodeView.swift in Sources */ = {isa = PBXBuildFile; fileRef = 2EDF8C622AD44251003D64FC /* PinCodeView.swift */; };
		2EDF8C662AD4428E003D64FC /* KeyboardView.swift in Sources */ = {isa = PBXBuildFile; fileRef = 2EDF8C652AD4428E003D64FC /* KeyboardView.swift */; };
		2EDF8C682AD442AE003D64FC /* KeyboardKey.swift in Sources */ = {isa = PBXBuildFile; fileRef = 2EDF8C672AD442AE003D64FC /* KeyboardKey.swift */; };
		2EDF8C6A2AD44306003D64FC /* CGFloat+Extension.swift in Sources */ = {isa = PBXBuildFile; fileRef = 2EDF8C692AD44306003D64FC /* CGFloat+Extension.swift */; };
		2EDF8C6C2AD44329003D64FC /* Number+Extension.swift in Sources */ = {isa = PBXBuildFile; fileRef = 2EDF8C6B2AD44329003D64FC /* Number+Extension.swift */; };
		2EDF8C702AD44401003D64FC /* PinCodeViewModel.swift in Sources */ = {isa = PBXBuildFile; fileRef = 2EDF8C6F2AD44401003D64FC /* PinCodeViewModel.swift */; };
		2EDF8C722AD44407003D64FC /* KeyboardViewModel.swift in Sources */ = {isa = PBXBuildFile; fileRef = 2EDF8C712AD44407003D64FC /* KeyboardViewModel.swift */; };
		2EDF8C742AD444E2003D64FC /* TopLeftDismissModifier.swift in Sources */ = {isa = PBXBuildFile; fileRef = 2EDF8C732AD444E2003D64FC /* TopLeftDismissModifier.swift */; };
		2EDF8C772AD44565003D64FC /* OTPView.swift in Sources */ = {isa = PBXBuildFile; fileRef = 2EDF8C762AD44565003D64FC /* OTPView.swift */; };
		2EDF8C7A2AD445C3003D64FC /* OTPViewModel.swift in Sources */ = {isa = PBXBuildFile; fileRef = 2EDF8C792AD445C3003D64FC /* OTPViewModel.swift */; };
		2EDF8C7C2AD44AA9003D64FC /* YTextFieldCleanStyle.swift in Sources */ = {isa = PBXBuildFile; fileRef = 2EDF8C7B2AD44AA9003D64FC /* YTextFieldCleanStyle.swift */; };
		2EDF8C7E2AD44BCF003D64FC /* YTextFieldBottomInfo.swift in Sources */ = {isa = PBXBuildFile; fileRef = 2EDF8C7D2AD44BCF003D64FC /* YTextFieldBottomInfo.swift */; };
		2EDF8C932AD466D2003D64FC /* AuthorizationViewModel.swift in Sources */ = {isa = PBXBuildFile; fileRef = 2EDF8C922AD466D2003D64FC /* AuthorizationViewModel.swift */; };
		2EDF8C962AD474AA003D64FC /* HomeView.swift in Sources */ = {isa = PBXBuildFile; fileRef = 2EDF8C952AD474AA003D64FC /* HomeView.swift */; };
		2EDF8CC22AD482F0003D64FC /* MapCircle.swift in Sources */ = {isa = PBXBuildFile; fileRef = 2EDF8C9A2AD482F0003D64FC /* MapCircle.swift */; };
		2EDF8CC32AD482F0003D64FC /* MapPolyline.swift in Sources */ = {isa = PBXBuildFile; fileRef = 2EDF8C9B2AD482F0003D64FC /* MapPolyline.swift */; };
		2EDF8CC42AD482F0003D64FC /* MapMultiPolygon.swift in Sources */ = {isa = PBXBuildFile; fileRef = 2EDF8C9C2AD482F0003D64FC /* MapMultiPolygon.swift */; };
		2EDF8CC52AD482F0003D64FC /* RendererMapOverlay.swift in Sources */ = {isa = PBXBuildFile; fileRef = 2EDF8C9D2AD482F0003D64FC /* RendererMapOverlay.swift */; };
		2EDF8CC62AD482F0003D64FC /* MapOverlay.swift in Sources */ = {isa = PBXBuildFile; fileRef = 2EDF8C9E2AD482F0003D64FC /* MapOverlay.swift */; };
		2EDF8CC72AD482F0003D64FC /* MapPolygon.swift in Sources */ = {isa = PBXBuildFile; fileRef = 2EDF8C9F2AD482F0003D64FC /* MapPolygon.swift */; };
		2EDF8CC82AD482F0003D64FC /* MapMultiPolyline.swift in Sources */ = {isa = PBXBuildFile; fileRef = 2EDF8CA02AD482F0003D64FC /* MapMultiPolyline.swift */; };
		2EDF8CC92AD482F0003D64FC /* MapScale.swift in Sources */ = {isa = PBXBuildFile; fileRef = 2EDF8CA22AD482F0003D64FC /* MapScale.swift */; };
		2EDF8CCA2AD482F0003D64FC /* MapZoomControl.swift in Sources */ = {isa = PBXBuildFile; fileRef = 2EDF8CA32AD482F0003D64FC /* MapZoomControl.swift */; };
		2EDF8CCB2AD482F0003D64FC /* MapPitchControl.swift in Sources */ = {isa = PBXBuildFile; fileRef = 2EDF8CA42AD482F0003D64FC /* MapPitchControl.swift */; };
		2EDF8CCC2AD482F0003D64FC /* MapUserTrackingButton.swift in Sources */ = {isa = PBXBuildFile; fileRef = 2EDF8CA52AD482F0003D64FC /* MapUserTrackingButton.swift */; };
		2EDF8CCD2AD482F0003D64FC /* MapCompass.swift in Sources */ = {isa = PBXBuildFile; fileRef = 2EDF8CA62AD482F0003D64FC /* MapCompass.swift */; };
		2EDF8CCE2AD482F0003D64FC /* MapKit.swift in Sources */ = {isa = PBXBuildFile; fileRef = 2EDF8CA82AD482F0003D64FC /* MapKit.swift */; };
		2EDF8CCF2AD482F0003D64FC /* NativeHostingController.swift in Sources */ = {isa = PBXBuildFile; fileRef = 2EDF8CA92AD482F0003D64FC /* NativeHostingController.swift */; };
		2EDF8CD02AD482F0003D64FC /* NativeColor.swift in Sources */ = {isa = PBXBuildFile; fileRef = 2EDF8CAA2AD482F0003D64FC /* NativeColor.swift */; };
		2EDF8CD12AD482F0003D64FC /* Identifiable.swift in Sources */ = {isa = PBXBuildFile; fileRef = 2EDF8CAB2AD482F0003D64FC /* Identifiable.swift */; };
		2EDF8CD22AD482F0003D64FC /* MapRegistry.swift in Sources */ = {isa = PBXBuildFile; fileRef = 2EDF8CAC2AD482F0003D64FC /* MapRegistry.swift */; };
		2EDF8CD32AD482F0003D64FC /* Map+Coordinator.swift in Sources */ = {isa = PBXBuildFile; fileRef = 2EDF8CAE2AD482F0003D64FC /* Map+Coordinator.swift */; };
		2EDF8CD42AD482F0003D64FC /* Map+UIKit.swift in Sources */ = {isa = PBXBuildFile; fileRef = 2EDF8CAF2AD482F0003D64FC /* Map+UIKit.swift */; };
		2EDF8CD52AD482F0003D64FC /* Map+Watch.swift in Sources */ = {isa = PBXBuildFile; fileRef = 2EDF8CB02AD482F0003D64FC /* Map+Watch.swift */; };
		2EDF8CD62AD482F0003D64FC /* Map+Watch+Coordinator.swift in Sources */ = {isa = PBXBuildFile; fileRef = 2EDF8CB12AD482F0003D64FC /* Map+Watch+Coordinator.swift */; };
		2EDF8CD72AD482F0003D64FC /* Map+AppKit.swift in Sources */ = {isa = PBXBuildFile; fileRef = 2EDF8CB22AD482F0003D64FC /* Map+AppKit.swift */; };
		2EDF8CD82AD482F0003D64FC /* UMap.swift in Sources */ = {isa = PBXBuildFile; fileRef = 2EDF8CB32AD482F0003D64FC /* UMap.swift */; };
		2EDF8CD92AD482F0003D64FC /* SingleValueBuilder.swift in Sources */ = {isa = PBXBuildFile; fileRef = 2EDF8CB52AD482F0003D64FC /* SingleValueBuilder.swift */; };
		2EDF8CDA2AD482F0003D64FC /* MapCameraZoomRange.swift in Sources */ = {isa = PBXBuildFile; fileRef = 2EDF8CB62AD482F0003D64FC /* MapCameraZoomRange.swift */; };
		2EDF8CDB2AD482F0003D64FC /* MapInteractionModes.swift in Sources */ = {isa = PBXBuildFile; fileRef = 2EDF8CB72AD482F0003D64FC /* MapInteractionModes.swift */; };
		2EDF8CDC2AD482F0003D64FC /* MapInformationVisibility.swift in Sources */ = {isa = PBXBuildFile; fileRef = 2EDF8CB82AD482F0003D64FC /* MapInformationVisibility.swift */; };
		2EDF8CDD2AD482F0003D64FC /* UserTrackingMode.swift in Sources */ = {isa = PBXBuildFile; fileRef = 2EDF8CB92AD482F0003D64FC /* UserTrackingMode.swift */; };
		2EDF8CDE2AD482F0003D64FC /* MapCameraBoundary.swift in Sources */ = {isa = PBXBuildFile; fileRef = 2EDF8CBA2AD482F0003D64FC /* MapCameraBoundary.swift */; };
		2EDF8CDF2AD482F0003D64FC /* MKMapAnnotationView.swift in Sources */ = {isa = PBXBuildFile; fileRef = 2EDF8CBC2AD482F0003D64FC /* MKMapAnnotationView.swift */; };
		2EDF8CE02AD482F0003D64FC /* MapMarker.swift in Sources */ = {isa = PBXBuildFile; fileRef = 2EDF8CBD2AD482F0003D64FC /* MapMarker.swift */; };
		2EDF8CE12AD482F0003D64FC /* ImageAnnotation.swift in Sources */ = {isa = PBXBuildFile; fileRef = 2EDF8CBE2AD482F0003D64FC /* ImageAnnotation.swift */; };
		2EDF8CE22AD482F0003D64FC /* ViewMapAnnotation.swift in Sources */ = {isa = PBXBuildFile; fileRef = 2EDF8CBF2AD482F0003D64FC /* ViewMapAnnotation.swift */; };
		2EDF8CE32AD482F0003D64FC /* MapPin.swift in Sources */ = {isa = PBXBuildFile; fileRef = 2EDF8CC02AD482F0003D64FC /* MapPin.swift */; };
		2EDF8CE42AD482F0003D64FC /* MapAnnotation.swift in Sources */ = {isa = PBXBuildFile; fileRef = 2EDF8CC12AD482F0003D64FC /* MapAnnotation.swift */; };
		2EE91D012AD07D5C00A425B5 /* USDK.docc in Sources */ = {isa = PBXBuildFile; fileRef = 2EE91D002AD07D5C00A425B5 /* USDK.docc */; };
		2EE91D022AD07D5C00A425B5 /* USDK.h in Headers */ = {isa = PBXBuildFile; fileRef = 2EE91CFF2AD07D5C00A425B5 /* USDK.h */; settings = {ATTRIBUTES = (Public, ); }; };
		2EE91D052AD07D5C00A425B5 /* USDK.framework in Frameworks */ = {isa = PBXBuildFile; fileRef = 2EE91CFD2AD07D5C00A425B5 /* USDK.framework */; };
		2EE91D062AD07D5C00A425B5 /* USDK.framework in Embed Frameworks */ = {isa = PBXBuildFile; fileRef = 2EE91CFD2AD07D5C00A425B5 /* USDK.framework */; settings = {ATTRIBUTES = (CodeSignOnCopy, RemoveHeadersOnCopy, ); }; };
		2EE91D102AD07DA500A425B5 /* Date+Extensions.swift in Sources */ = {isa = PBXBuildFile; fileRef = 2EE91D0C2AD07DA500A425B5 /* Date+Extensions.swift */; };
		2EE91D112AD07DA500A425B5 /* Array+Extensions.swift in Sources */ = {isa = PBXBuildFile; fileRef = 2EE91D0D2AD07DA500A425B5 /* Array+Extensions.swift */; };
		2EE91D122AD07DA500A425B5 /* Realm+Extensions.swift in Sources */ = {isa = PBXBuildFile; fileRef = 2EE91D0E2AD07DA500A425B5 /* Realm+Extensions.swift */; };
		2EE91D132AD07DA500A425B5 /* String+Extensions.swift in Sources */ = {isa = PBXBuildFile; fileRef = 2EE91D0F2AD07DA500A425B5 /* String+Extensions.swift */; };
		2EE91D202AD07DAD00A425B5 /* Logging.swift in Sources */ = {isa = PBXBuildFile; fileRef = 2EE91D142AD07DAD00A425B5 /* Logging.swift */; };
		2EE91D212AD07DAD00A425B5 /* CodableWrapper.swift in Sources */ = {isa = PBXBuildFile; fileRef = 2EE91D162AD07DAD00A425B5 /* CodableWrapper.swift */; };
		2EE91D222AD07DAD00A425B5 /* AnyWrapper.swift in Sources */ = {isa = PBXBuildFile; fileRef = 2EE91D172AD07DAD00A425B5 /* AnyWrapper.swift */; };
		2EE91D232AD07DAD00A425B5 /* YKeychainWrapper.swift in Sources */ = {isa = PBXBuildFile; fileRef = 2EE91D182AD07DAD00A425B5 /* YKeychainWrapper.swift */; };
		2EE91D242AD07DAD00A425B5 /* DatabaseConfig.swift in Sources */ = {isa = PBXBuildFile; fileRef = 2EE91D192AD07DAD00A425B5 /* DatabaseConfig.swift */; };
		2EE91D252AD07DAD00A425B5 /* Language.swift in Sources */ = {isa = PBXBuildFile; fileRef = 2EE91D1A2AD07DAD00A425B5 /* Language.swift */; };
		2EE91D302AD07F3600A425B5 /* Network.swift in Sources */ = {isa = PBXBuildFile; fileRef = 2EE91D2F2AD07F3600A425B5 /* Network.swift */; };
		2EE91D332AD07F5900A425B5 /* NetRes.swift in Sources */ = {isa = PBXBuildFile; fileRef = 2EE91D322AD07F5900A425B5 /* NetRes.swift */; };
		2EE91D372AD07FC200A425B5 /* Realm in Frameworks */ = {isa = PBXBuildFile; productRef = 2EE91D362AD07FC200A425B5 /* Realm */; };
		2EE91D392AD07FC200A425B5 /* RealmSwift in Frameworks */ = {isa = PBXBuildFile; productRef = 2EE91D382AD07FC200A425B5 /* RealmSwift */; };
		2EE91D3B2AD07FC200A425B5 /* Kingfisher in Frameworks */ = {isa = PBXBuildFile; productRef = 2EE91D3A2AD07FC200A425B5 /* Kingfisher */; };
		2EE91D3D2AD07FC200A425B5 /* SwiftKeychainWrapper in Frameworks */ = {isa = PBXBuildFile; productRef = 2EE91D3C2AD07FC200A425B5 /* SwiftKeychainWrapper */; };
		2EE91D412AD0808300A425B5 /* URLSession+Extensions.swift in Sources */ = {isa = PBXBuildFile; fileRef = 2EE91D3E2AD0808300A425B5 /* URLSession+Extensions.swift */; };
		2EE91D422AD0808300A425B5 /* URLRequest+Extensions.swift in Sources */ = {isa = PBXBuildFile; fileRef = 2EE91D3F2AD0808300A425B5 /* URLRequest+Extensions.swift */; };
		2EE91D432AD0808300A425B5 /* NSMutableData+Extensions.swift in Sources */ = {isa = PBXBuildFile; fileRef = 2EE91D402AD0808300A425B5 /* NSMutableData+Extensions.swift */; };
		2EE91D452AD080AE00A425B5 /* URL+Extensions.swift in Sources */ = {isa = PBXBuildFile; fileRef = 2EE91D442AD080AE00A425B5 /* URL+Extensions.swift */; };
		2EE91D472AD080C500A425B5 /* UserSettings.swift in Sources */ = {isa = PBXBuildFile; fileRef = 2EE91D462AD080C400A425B5 /* UserSettings.swift */; };
		2EE91D492AD0810C00A425B5 /* Database.swift in Sources */ = {isa = PBXBuildFile; fileRef = 2EE91D482AD0810C00A425B5 /* Database.swift */; };
		2EE91D4C2AD0812F00A425B5 /* URLRequestProtocol.swift in Sources */ = {isa = PBXBuildFile; fileRef = 2EE91D4B2AD0812F00A425B5 /* URLRequestProtocol.swift */; };
		2EE91D4E2AD0813D00A425B5 /* NetResProtocol.swift in Sources */ = {isa = PBXBuildFile; fileRef = 2EE91D4D2AD0813D00A425B5 /* NetResProtocol.swift */; };
		2EE91D712AD1DDC100A425B5 /* UnitedUIKit.docc in Sources */ = {isa = PBXBuildFile; fileRef = 2EE91D702AD1DDC100A425B5 /* UnitedUIKit.docc */; };
		2EE91D722AD1DDC100A425B5 /* UnitedUIKit.h in Headers */ = {isa = PBXBuildFile; fileRef = 2EE91D6F2AD1DDC100A425B5 /* UnitedUIKit.h */; settings = {ATTRIBUTES = (Public, ); }; };
		2EE91D752AD1DDC100A425B5 /* UnitedUIKit.framework in Frameworks */ = {isa = PBXBuildFile; fileRef = 2EE91D6D2AD1DDC100A425B5 /* UnitedUIKit.framework */; };
		2EE91D762AD1DDC100A425B5 /* UnitedUIKit.framework in Embed Frameworks */ = {isa = PBXBuildFile; fileRef = 2EE91D6D2AD1DDC100A425B5 /* UnitedUIKit.framework */; settings = {ATTRIBUTES = (CodeSignOnCopy, RemoveHeadersOnCopy, ); }; };
		2EE91D7A2AD1DDCC00A425B5 /* AppWindowGroup.swift in Sources */ = {isa = PBXBuildFile; fileRef = 2EE91D592AD1DBEF00A425B5 /* AppWindowGroup.swift */; };
/* End PBXBuildFile section */

/* Begin PBXContainerItemProxy section */
		2EDF8C1F2AD1F007003D64FC /* PBXContainerItemProxy */ = {
			isa = PBXContainerItemProxy;
			containerPortal = 2E527A352ACC80C6005B8B95 /* Project object */;
			proxyType = 1;
			remoteGlobalIDString = 2EE91CFC2AD07D5C00A425B5;
			remoteInfo = USDK;
		};
		2EE91D032AD07D5C00A425B5 /* PBXContainerItemProxy */ = {
			isa = PBXContainerItemProxy;
			containerPortal = 2E527A352ACC80C6005B8B95 /* Project object */;
			proxyType = 1;
			remoteGlobalIDString = 2EE91CFC2AD07D5C00A425B5;
			remoteInfo = USDK;
		};
		2EE91D732AD1DDC100A425B5 /* PBXContainerItemProxy */ = {
			isa = PBXContainerItemProxy;
			containerPortal = 2E527A352ACC80C6005B8B95 /* Project object */;
			proxyType = 1;
			remoteGlobalIDString = 2EE91D6C2AD1DDC100A425B5;
			remoteInfo = UnitedUIKit;
		};
/* End PBXContainerItemProxy section */

/* Begin PBXCopyFilesBuildPhase section */
		2E527A6E2ACC82AC005B8B95 /* Embed Frameworks */ = {
			isa = PBXCopyFilesBuildPhase;
			buildActionMask = 2147483647;
			dstPath = "";
			dstSubfolderSpec = 10;
			files = (
				2EE91D762AD1DDC100A425B5 /* UnitedUIKit.framework in Embed Frameworks */,
				2EE91D062AD07D5C00A425B5 /* USDK.framework in Embed Frameworks */,
			);
			name = "Embed Frameworks";
			runOnlyForDeploymentPostprocessing = 0;
		};
		2EDF8C212AD1F007003D64FC /* Embed Frameworks */ = {
			isa = PBXCopyFilesBuildPhase;
			buildActionMask = 2147483647;
			dstPath = "";
			dstSubfolderSpec = 10;
			files = (
				2EDF8C1E2AD1F007003D64FC /* USDK.framework in Embed Frameworks */,
			);
			name = "Embed Frameworks";
			runOnlyForDeploymentPostprocessing = 0;
		};
/* End PBXCopyFilesBuildPhase section */

/* Begin PBXFileReference section */
		2E527A3D2ACC80C6005B8B95 /* UnitedFuelFinder.app */ = {isa = PBXFileReference; explicitFileType = wrapper.application; includeInIndex = 0; path = UnitedFuelFinder.app; sourceTree = BUILT_PRODUCTS_DIR; };
		2E527A402ACC80C6005B8B95 /* UnitedFuelFinderApp.swift */ = {isa = PBXFileReference; lastKnownFileType = sourcecode.swift; path = UnitedFuelFinderApp.swift; sourceTree = "<group>"; };
		2E527A422ACC80C6005B8B95 /* MainView.swift */ = {isa = PBXFileReference; lastKnownFileType = sourcecode.swift; path = MainView.swift; sourceTree = "<group>"; };
		2E527A442ACC80C8005B8B95 /* Assets.xcassets */ = {isa = PBXFileReference; lastKnownFileType = folder.assetcatalog; path = Assets.xcassets; sourceTree = "<group>"; };
		2E527A472ACC80C8005B8B95 /* Preview Assets.xcassets */ = {isa = PBXFileReference; lastKnownFileType = folder.assetcatalog; path = "Preview Assets.xcassets"; sourceTree = "<group>"; };
		2E527A762ACC83C0005B8B95 /* SelectLanguageView.swift */ = {isa = PBXFileReference; lastKnownFileType = sourcecode.swift; path = SelectLanguageView.swift; sourceTree = "<group>"; };
		2E527A782ACC83DB005B8B95 /* AuthView.swift */ = {isa = PBXFileReference; lastKnownFileType = sourcecode.swift; path = AuthView.swift; sourceTree = "<group>"; };
		2E527A7A2ACC8402005B8B95 /* RegisterProfileView.swift */ = {isa = PBXFileReference; lastKnownFileType = sourcecode.swift; path = RegisterProfileView.swift; sourceTree = "<group>"; };
		2EDF8BFF2AD1E1FA003D64FC /* UIApp+Extension.swift */ = {isa = PBXFileReference; lastKnownFileType = sourcecode.swift; path = "UIApp+Extension.swift"; sourceTree = "<group>"; };
		2EDF8C022AD1E234003D64FC /* NoitificationContentView.swift */ = {isa = PBXFileReference; lastKnownFileType = sourcecode.swift; path = NoitificationContentView.swift; sourceTree = "<group>"; };
		2EDF8C2A2AD28B6B003D64FC /* Color+Extension.swift */ = {isa = PBXFileReference; lastKnownFileType = sourcecode.swift; path = "Color+Extension.swift"; sourceTree = "<group>"; };
		2EDF8C2F2AD2A35F003D64FC /* SubmitButton.swift */ = {isa = PBXFileReference; lastKnownFileType = sourcecode.swift; path = SubmitButton.swift; sourceTree = "<group>"; };
		2EDF8C332AD2A8CE003D64FC /* RadioButton.swift */ = {isa = PBXFileReference; lastKnownFileType = sourcecode.swift; path = RadioButton.swift; sourceTree = "<group>"; };
		2EDF8C382AD2BDE7003D64FC /* RectModifer.swift */ = {isa = PBXFileReference; lastKnownFileType = sourcecode.swift; path = RectModifer.swift; sourceTree = "<group>"; };
		2EDF8C3C2AD2CD3F003D64FC /* Localizable.xcstrings */ = {isa = PBXFileReference; lastKnownFileType = text.json.xcstrings; path = Localizable.xcstrings; sourceTree = "<group>"; };
		2EDF8C402AD2D865003D64FC /* AppDestination.swift */ = {isa = PBXFileReference; lastKnownFileType = sourcecode.swift; path = AppDestination.swift; sourceTree = "<group>"; };
		2EDF8C432AD2DCB8003D64FC /* MainViewModel.swift */ = {isa = PBXFileReference; lastKnownFileType = sourcecode.swift; path = MainViewModel.swift; sourceTree = "<group>"; };
		2EDF8C452AD2DD58003D64FC /* LoadingView.swift */ = {isa = PBXFileReference; lastKnownFileType = sourcecode.swift; path = LoadingView.swift; sourceTree = "<group>"; };
		2EDF8C492AD2EE08003D64FC /* ActivityIndicatorView.swift */ = {isa = PBXFileReference; lastKnownFileType = sourcecode.swift; path = ActivityIndicatorView.swift; sourceTree = "<group>"; };
		2EDF8C4D2AD309F9003D64FC /* LoadingViewModel.swift */ = {isa = PBXFileReference; lastKnownFileType = sourcecode.swift; path = LoadingViewModel.swift; sourceTree = "<group>"; };
		2EDF8C522AD345C1003D64FC /* TextFieldProtocol.swift */ = {isa = PBXFileReference; fileEncoding = 4; lastKnownFileType = sourcecode.swift; path = TextFieldProtocol.swift; sourceTree = "<group>"; };
		2EDF8C532AD345C1003D64FC /* YTextField.swift */ = {isa = PBXFileReference; fileEncoding = 4; lastKnownFileType = sourcecode.swift; path = YTextField.swift; sourceTree = "<group>"; };
		2EDF8C542AD345C1003D64FC /* YFormattedField.swift */ = {isa = PBXFileReference; fileEncoding = 4; lastKnownFileType = sourcecode.swift; path = YFormattedField.swift; sourceTree = "<group>"; };
		2EDF8C552AD345C1003D64FC /* YPhoneField.swift */ = {isa = PBXFileReference; fileEncoding = 4; lastKnownFileType = sourcecode.swift; path = YPhoneField.swift; sourceTree = "<group>"; };
		2EDF8C562AD345C1003D64FC /* YTextField+Extension.swift */ = {isa = PBXFileReference; fileEncoding = 4; lastKnownFileType = sourcecode.swift; path = "YTextField+Extension.swift"; sourceTree = "<group>"; };
		2EDF8C5D2AD3462B003D64FC /* Padding.swift */ = {isa = PBXFileReference; lastKnownFileType = sourcecode.swift; path = Padding.swift; sourceTree = "<group>"; };
		2EDF8C5F2AD43822003D64FC /* CheckButton.swift */ = {isa = PBXFileReference; lastKnownFileType = sourcecode.swift; path = CheckButton.swift; sourceTree = "<group>"; };
		2EDF8C622AD44251003D64FC /* PinCodeView.swift */ = {isa = PBXFileReference; lastKnownFileType = sourcecode.swift; path = PinCodeView.swift; sourceTree = "<group>"; };
		2EDF8C652AD4428E003D64FC /* KeyboardView.swift */ = {isa = PBXFileReference; lastKnownFileType = sourcecode.swift; path = KeyboardView.swift; sourceTree = "<group>"; };
		2EDF8C672AD442AE003D64FC /* KeyboardKey.swift */ = {isa = PBXFileReference; lastKnownFileType = sourcecode.swift; path = KeyboardKey.swift; sourceTree = "<group>"; };
		2EDF8C692AD44306003D64FC /* CGFloat+Extension.swift */ = {isa = PBXFileReference; lastKnownFileType = sourcecode.swift; path = "CGFloat+Extension.swift"; sourceTree = "<group>"; };
		2EDF8C6B2AD44329003D64FC /* Number+Extension.swift */ = {isa = PBXFileReference; lastKnownFileType = sourcecode.swift; path = "Number+Extension.swift"; sourceTree = "<group>"; };
		2EDF8C6F2AD44401003D64FC /* PinCodeViewModel.swift */ = {isa = PBXFileReference; lastKnownFileType = sourcecode.swift; path = PinCodeViewModel.swift; sourceTree = "<group>"; };
		2EDF8C712AD44407003D64FC /* KeyboardViewModel.swift */ = {isa = PBXFileReference; lastKnownFileType = sourcecode.swift; path = KeyboardViewModel.swift; sourceTree = "<group>"; };
		2EDF8C732AD444E2003D64FC /* TopLeftDismissModifier.swift */ = {isa = PBXFileReference; lastKnownFileType = sourcecode.swift; path = TopLeftDismissModifier.swift; sourceTree = "<group>"; };
		2EDF8C762AD44565003D64FC /* OTPView.swift */ = {isa = PBXFileReference; lastKnownFileType = sourcecode.swift; path = OTPView.swift; sourceTree = "<group>"; };
		2EDF8C792AD445C3003D64FC /* OTPViewModel.swift */ = {isa = PBXFileReference; lastKnownFileType = sourcecode.swift; path = OTPViewModel.swift; sourceTree = "<group>"; };
		2EDF8C7B2AD44AA9003D64FC /* YTextFieldCleanStyle.swift */ = {isa = PBXFileReference; lastKnownFileType = sourcecode.swift; path = YTextFieldCleanStyle.swift; sourceTree = "<group>"; };
		2EDF8C7D2AD44BCF003D64FC /* YTextFieldBottomInfo.swift */ = {isa = PBXFileReference; lastKnownFileType = sourcecode.swift; path = YTextFieldBottomInfo.swift; sourceTree = "<group>"; };
		2EDF8C922AD466D2003D64FC /* AuthorizationViewModel.swift */ = {isa = PBXFileReference; lastKnownFileType = sourcecode.swift; path = AuthorizationViewModel.swift; sourceTree = "<group>"; };
		2EDF8C952AD474AA003D64FC /* HomeView.swift */ = {isa = PBXFileReference; lastKnownFileType = sourcecode.swift; path = HomeView.swift; sourceTree = "<group>"; };
		2EDF8C9A2AD482F0003D64FC /* MapCircle.swift */ = {isa = PBXFileReference; fileEncoding = 4; lastKnownFileType = sourcecode.swift; path = MapCircle.swift; sourceTree = "<group>"; };
		2EDF8C9B2AD482F0003D64FC /* MapPolyline.swift */ = {isa = PBXFileReference; fileEncoding = 4; lastKnownFileType = sourcecode.swift; path = MapPolyline.swift; sourceTree = "<group>"; };
		2EDF8C9C2AD482F0003D64FC /* MapMultiPolygon.swift */ = {isa = PBXFileReference; fileEncoding = 4; lastKnownFileType = sourcecode.swift; path = MapMultiPolygon.swift; sourceTree = "<group>"; };
		2EDF8C9D2AD482F0003D64FC /* RendererMapOverlay.swift */ = {isa = PBXFileReference; fileEncoding = 4; lastKnownFileType = sourcecode.swift; path = RendererMapOverlay.swift; sourceTree = "<group>"; };
		2EDF8C9E2AD482F0003D64FC /* MapOverlay.swift */ = {isa = PBXFileReference; fileEncoding = 4; lastKnownFileType = sourcecode.swift; path = MapOverlay.swift; sourceTree = "<group>"; };
		2EDF8C9F2AD482F0003D64FC /* MapPolygon.swift */ = {isa = PBXFileReference; fileEncoding = 4; lastKnownFileType = sourcecode.swift; path = MapPolygon.swift; sourceTree = "<group>"; };
		2EDF8CA02AD482F0003D64FC /* MapMultiPolyline.swift */ = {isa = PBXFileReference; fileEncoding = 4; lastKnownFileType = sourcecode.swift; path = MapMultiPolyline.swift; sourceTree = "<group>"; };
		2EDF8CA22AD482F0003D64FC /* MapScale.swift */ = {isa = PBXFileReference; fileEncoding = 4; lastKnownFileType = sourcecode.swift; path = MapScale.swift; sourceTree = "<group>"; };
		2EDF8CA32AD482F0003D64FC /* MapZoomControl.swift */ = {isa = PBXFileReference; fileEncoding = 4; lastKnownFileType = sourcecode.swift; path = MapZoomControl.swift; sourceTree = "<group>"; };
		2EDF8CA42AD482F0003D64FC /* MapPitchControl.swift */ = {isa = PBXFileReference; fileEncoding = 4; lastKnownFileType = sourcecode.swift; path = MapPitchControl.swift; sourceTree = "<group>"; };
		2EDF8CA52AD482F0003D64FC /* MapUserTrackingButton.swift */ = {isa = PBXFileReference; fileEncoding = 4; lastKnownFileType = sourcecode.swift; path = MapUserTrackingButton.swift; sourceTree = "<group>"; };
		2EDF8CA62AD482F0003D64FC /* MapCompass.swift */ = {isa = PBXFileReference; fileEncoding = 4; lastKnownFileType = sourcecode.swift; path = MapCompass.swift; sourceTree = "<group>"; };
		2EDF8CA82AD482F0003D64FC /* MapKit.swift */ = {isa = PBXFileReference; fileEncoding = 4; lastKnownFileType = sourcecode.swift; path = MapKit.swift; sourceTree = "<group>"; };
		2EDF8CA92AD482F0003D64FC /* NativeHostingController.swift */ = {isa = PBXFileReference; fileEncoding = 4; lastKnownFileType = sourcecode.swift; path = NativeHostingController.swift; sourceTree = "<group>"; };
		2EDF8CAA2AD482F0003D64FC /* NativeColor.swift */ = {isa = PBXFileReference; fileEncoding = 4; lastKnownFileType = sourcecode.swift; path = NativeColor.swift; sourceTree = "<group>"; };
		2EDF8CAB2AD482F0003D64FC /* Identifiable.swift */ = {isa = PBXFileReference; fileEncoding = 4; lastKnownFileType = sourcecode.swift; path = Identifiable.swift; sourceTree = "<group>"; };
		2EDF8CAC2AD482F0003D64FC /* MapRegistry.swift */ = {isa = PBXFileReference; fileEncoding = 4; lastKnownFileType = sourcecode.swift; path = MapRegistry.swift; sourceTree = "<group>"; };
		2EDF8CAE2AD482F0003D64FC /* Map+Coordinator.swift */ = {isa = PBXFileReference; fileEncoding = 4; lastKnownFileType = sourcecode.swift; path = "Map+Coordinator.swift"; sourceTree = "<group>"; };
		2EDF8CAF2AD482F0003D64FC /* Map+UIKit.swift */ = {isa = PBXFileReference; fileEncoding = 4; lastKnownFileType = sourcecode.swift; path = "Map+UIKit.swift"; sourceTree = "<group>"; };
		2EDF8CB02AD482F0003D64FC /* Map+Watch.swift */ = {isa = PBXFileReference; fileEncoding = 4; lastKnownFileType = sourcecode.swift; path = "Map+Watch.swift"; sourceTree = "<group>"; };
		2EDF8CB12AD482F0003D64FC /* Map+Watch+Coordinator.swift */ = {isa = PBXFileReference; fileEncoding = 4; lastKnownFileType = sourcecode.swift; path = "Map+Watch+Coordinator.swift"; sourceTree = "<group>"; };
		2EDF8CB22AD482F0003D64FC /* Map+AppKit.swift */ = {isa = PBXFileReference; fileEncoding = 4; lastKnownFileType = sourcecode.swift; path = "Map+AppKit.swift"; sourceTree = "<group>"; };
		2EDF8CB32AD482F0003D64FC /* UMap.swift */ = {isa = PBXFileReference; fileEncoding = 4; lastKnownFileType = sourcecode.swift; path = UMap.swift; sourceTree = "<group>"; };
		2EDF8CB52AD482F0003D64FC /* SingleValueBuilder.swift */ = {isa = PBXFileReference; fileEncoding = 4; lastKnownFileType = sourcecode.swift; path = SingleValueBuilder.swift; sourceTree = "<group>"; };
		2EDF8CB62AD482F0003D64FC /* MapCameraZoomRange.swift */ = {isa = PBXFileReference; fileEncoding = 4; lastKnownFileType = sourcecode.swift; path = MapCameraZoomRange.swift; sourceTree = "<group>"; };
		2EDF8CB72AD482F0003D64FC /* MapInteractionModes.swift */ = {isa = PBXFileReference; fileEncoding = 4; lastKnownFileType = sourcecode.swift; path = MapInteractionModes.swift; sourceTree = "<group>"; };
		2EDF8CB82AD482F0003D64FC /* MapInformationVisibility.swift */ = {isa = PBXFileReference; fileEncoding = 4; lastKnownFileType = sourcecode.swift; path = MapInformationVisibility.swift; sourceTree = "<group>"; };
		2EDF8CB92AD482F0003D64FC /* UserTrackingMode.swift */ = {isa = PBXFileReference; fileEncoding = 4; lastKnownFileType = sourcecode.swift; path = UserTrackingMode.swift; sourceTree = "<group>"; };
		2EDF8CBA2AD482F0003D64FC /* MapCameraBoundary.swift */ = {isa = PBXFileReference; fileEncoding = 4; lastKnownFileType = sourcecode.swift; path = MapCameraBoundary.swift; sourceTree = "<group>"; };
		2EDF8CBC2AD482F0003D64FC /* MKMapAnnotationView.swift */ = {isa = PBXFileReference; fileEncoding = 4; lastKnownFileType = sourcecode.swift; path = MKMapAnnotationView.swift; sourceTree = "<group>"; };
		2EDF8CBD2AD482F0003D64FC /* MapMarker.swift */ = {isa = PBXFileReference; fileEncoding = 4; lastKnownFileType = sourcecode.swift; path = MapMarker.swift; sourceTree = "<group>"; };
		2EDF8CBE2AD482F0003D64FC /* ImageAnnotation.swift */ = {isa = PBXFileReference; fileEncoding = 4; lastKnownFileType = sourcecode.swift; path = ImageAnnotation.swift; sourceTree = "<group>"; };
		2EDF8CBF2AD482F0003D64FC /* ViewMapAnnotation.swift */ = {isa = PBXFileReference; fileEncoding = 4; lastKnownFileType = sourcecode.swift; path = ViewMapAnnotation.swift; sourceTree = "<group>"; };
		2EDF8CC02AD482F0003D64FC /* MapPin.swift */ = {isa = PBXFileReference; fileEncoding = 4; lastKnownFileType = sourcecode.swift; path = MapPin.swift; sourceTree = "<group>"; };
		2EDF8CC12AD482F0003D64FC /* MapAnnotation.swift */ = {isa = PBXFileReference; fileEncoding = 4; lastKnownFileType = sourcecode.swift; path = MapAnnotation.swift; sourceTree = "<group>"; };
		2EE91CFD2AD07D5C00A425B5 /* USDK.framework */ = {isa = PBXFileReference; explicitFileType = wrapper.framework; includeInIndex = 0; path = USDK.framework; sourceTree = BUILT_PRODUCTS_DIR; };
		2EE91CFF2AD07D5C00A425B5 /* USDK.h */ = {isa = PBXFileReference; lastKnownFileType = sourcecode.c.h; path = USDK.h; sourceTree = "<group>"; };
		2EE91D002AD07D5C00A425B5 /* USDK.docc */ = {isa = PBXFileReference; lastKnownFileType = folder.documentationcatalog; path = USDK.docc; sourceTree = "<group>"; };
		2EE91D0C2AD07DA500A425B5 /* Date+Extensions.swift */ = {isa = PBXFileReference; fileEncoding = 4; lastKnownFileType = sourcecode.swift; path = "Date+Extensions.swift"; sourceTree = "<group>"; };
		2EE91D0D2AD07DA500A425B5 /* Array+Extensions.swift */ = {isa = PBXFileReference; fileEncoding = 4; lastKnownFileType = sourcecode.swift; path = "Array+Extensions.swift"; sourceTree = "<group>"; };
		2EE91D0E2AD07DA500A425B5 /* Realm+Extensions.swift */ = {isa = PBXFileReference; fileEncoding = 4; lastKnownFileType = sourcecode.swift; path = "Realm+Extensions.swift"; sourceTree = "<group>"; };
		2EE91D0F2AD07DA500A425B5 /* String+Extensions.swift */ = {isa = PBXFileReference; fileEncoding = 4; lastKnownFileType = sourcecode.swift; path = "String+Extensions.swift"; sourceTree = "<group>"; };
		2EE91D142AD07DAD00A425B5 /* Logging.swift */ = {isa = PBXFileReference; fileEncoding = 4; lastKnownFileType = sourcecode.swift; path = Logging.swift; sourceTree = "<group>"; };
		2EE91D162AD07DAD00A425B5 /* CodableWrapper.swift */ = {isa = PBXFileReference; fileEncoding = 4; lastKnownFileType = sourcecode.swift; path = CodableWrapper.swift; sourceTree = "<group>"; };
		2EE91D172AD07DAD00A425B5 /* AnyWrapper.swift */ = {isa = PBXFileReference; fileEncoding = 4; lastKnownFileType = sourcecode.swift; path = AnyWrapper.swift; sourceTree = "<group>"; };
		2EE91D182AD07DAD00A425B5 /* YKeychainWrapper.swift */ = {isa = PBXFileReference; fileEncoding = 4; lastKnownFileType = sourcecode.swift; path = YKeychainWrapper.swift; sourceTree = "<group>"; };
		2EE91D192AD07DAD00A425B5 /* DatabaseConfig.swift */ = {isa = PBXFileReference; fileEncoding = 4; lastKnownFileType = sourcecode.swift; path = DatabaseConfig.swift; sourceTree = "<group>"; };
		2EE91D1A2AD07DAD00A425B5 /* Language.swift */ = {isa = PBXFileReference; fileEncoding = 4; lastKnownFileType = sourcecode.swift; path = Language.swift; sourceTree = "<group>"; };
		2EE91D2F2AD07F3600A425B5 /* Network.swift */ = {isa = PBXFileReference; lastKnownFileType = sourcecode.swift; path = Network.swift; sourceTree = "<group>"; };
		2EE91D322AD07F5900A425B5 /* NetRes.swift */ = {isa = PBXFileReference; lastKnownFileType = sourcecode.swift; path = NetRes.swift; sourceTree = "<group>"; };
		2EE91D3E2AD0808300A425B5 /* URLSession+Extensions.swift */ = {isa = PBXFileReference; fileEncoding = 4; lastKnownFileType = sourcecode.swift; path = "URLSession+Extensions.swift"; sourceTree = "<group>"; };
		2EE91D3F2AD0808300A425B5 /* URLRequest+Extensions.swift */ = {isa = PBXFileReference; fileEncoding = 4; lastKnownFileType = sourcecode.swift; path = "URLRequest+Extensions.swift"; sourceTree = "<group>"; };
		2EE91D402AD0808300A425B5 /* NSMutableData+Extensions.swift */ = {isa = PBXFileReference; fileEncoding = 4; lastKnownFileType = sourcecode.swift; path = "NSMutableData+Extensions.swift"; sourceTree = "<group>"; };
		2EE91D442AD080AE00A425B5 /* URL+Extensions.swift */ = {isa = PBXFileReference; fileEncoding = 4; lastKnownFileType = sourcecode.swift; path = "URL+Extensions.swift"; sourceTree = "<group>"; };
		2EE91D462AD080C400A425B5 /* UserSettings.swift */ = {isa = PBXFileReference; lastKnownFileType = sourcecode.swift; path = UserSettings.swift; sourceTree = "<group>"; };
		2EE91D482AD0810C00A425B5 /* Database.swift */ = {isa = PBXFileReference; lastKnownFileType = sourcecode.swift; path = Database.swift; sourceTree = "<group>"; };
		2EE91D4B2AD0812F00A425B5 /* URLRequestProtocol.swift */ = {isa = PBXFileReference; lastKnownFileType = sourcecode.swift; path = URLRequestProtocol.swift; sourceTree = "<group>"; };
		2EE91D4D2AD0813D00A425B5 /* NetResProtocol.swift */ = {isa = PBXFileReference; lastKnownFileType = sourcecode.swift; path = NetResProtocol.swift; sourceTree = "<group>"; };
		2EE91D592AD1DBEF00A425B5 /* AppWindowGroup.swift */ = {isa = PBXFileReference; lastKnownFileType = sourcecode.swift; path = AppWindowGroup.swift; sourceTree = "<group>"; };
		2EE91D6D2AD1DDC100A425B5 /* UnitedUIKit.framework */ = {isa = PBXFileReference; explicitFileType = wrapper.framework; includeInIndex = 0; path = UnitedUIKit.framework; sourceTree = BUILT_PRODUCTS_DIR; };
		2EE91D6F2AD1DDC100A425B5 /* UnitedUIKit.h */ = {isa = PBXFileReference; lastKnownFileType = sourcecode.c.h; path = UnitedUIKit.h; sourceTree = "<group>"; };
		2EE91D702AD1DDC100A425B5 /* UnitedUIKit.docc */ = {isa = PBXFileReference; lastKnownFileType = folder.documentationcatalog; path = UnitedUIKit.docc; sourceTree = "<group>"; };
/* End PBXFileReference section */

/* Begin PBXFrameworksBuildPhase section */
		2E527A3A2ACC80C6005B8B95 /* Frameworks */ = {
			isa = PBXFrameworksBuildPhase;
			buildActionMask = 2147483647;
			files = (
				2EDF8C252AD1F04A003D64FC /* RealmSwift in Frameworks */,
				2EDF8C232AD1F04A003D64FC /* Realm in Frameworks */,
				2EDF8C292AD1F04A003D64FC /* SwiftKeychainWrapper in Frameworks */,
				2EE91D752AD1DDC100A425B5 /* UnitedUIKit.framework in Frameworks */,
				2EE91D052AD07D5C00A425B5 /* USDK.framework in Frameworks */,
				2EDF8C272AD1F04A003D64FC /* Kingfisher in Frameworks */,
			);
			runOnlyForDeploymentPostprocessing = 0;
		};
		2EE91CFA2AD07D5C00A425B5 /* Frameworks */ = {
			isa = PBXFrameworksBuildPhase;
			buildActionMask = 2147483647;
			files = (
				2EE91D3B2AD07FC200A425B5 /* Kingfisher in Frameworks */,
				2EE91D392AD07FC200A425B5 /* RealmSwift in Frameworks */,
				2EE91D3D2AD07FC200A425B5 /* SwiftKeychainWrapper in Frameworks */,
				2EE91D372AD07FC200A425B5 /* Realm in Frameworks */,
			);
			runOnlyForDeploymentPostprocessing = 0;
		};
		2EE91D6A2AD1DDC100A425B5 /* Frameworks */ = {
			isa = PBXFrameworksBuildPhase;
			buildActionMask = 2147483647;
			files = (
				2EDF8C1D2AD1F007003D64FC /* USDK.framework in Frameworks */,
				2EDF8C1C2AD1EE97003D64FC /* RealmSwift in Frameworks */,
				2EDF8C1A2AD1EE97003D64FC /* Realm in Frameworks */,
			);
			runOnlyForDeploymentPostprocessing = 0;
		};
/* End PBXFrameworksBuildPhase section */

/* Begin PBXGroup section */
		2E527A342ACC80C6005B8B95 = {
			isa = PBXGroup;
			children = (
				2E527A3F2ACC80C6005B8B95 /* UnitedFuelFinder */,
				2EE91CFE2AD07D5C00A425B5 /* USDK */,
				2EE91D6E2AD1DDC100A425B5 /* UnitedUIKit */,
				2E527A3E2ACC80C6005B8B95 /* Products */,
				2EE91D352AD07FC200A425B5 /* Frameworks */,
			);
			sourceTree = "<group>";
		};
		2E527A3E2ACC80C6005B8B95 /* Products */ = {
			isa = PBXGroup;
			children = (
				2E527A3D2ACC80C6005B8B95 /* UnitedFuelFinder.app */,
				2EE91CFD2AD07D5C00A425B5 /* USDK.framework */,
				2EE91D6D2AD1DDC100A425B5 /* UnitedUIKit.framework */,
			);
			name = Products;
			sourceTree = "<group>";
		};
		2E527A3F2ACC80C6005B8B95 /* UnitedFuelFinder */ = {
			isa = PBXGroup;
			children = (
				2EDF8C3F2AD2D84C003D64FC /* App */,
				2EDF8C3A2AD2CCD2003D64FC /* Resources */,
				2EE91D4F2AD10C9800A425B5 /* Utils */,
				2E527A462ACC80C8005B8B95 /* Preview Content */,
			);
			path = UnitedFuelFinder;
			sourceTree = "<group>";
		};
		2E527A462ACC80C8005B8B95 /* Preview Content */ = {
			isa = PBXGroup;
			children = (
				2E527A472ACC80C8005B8B95 /* Preview Assets.xcassets */,
			);
			path = "Preview Content";
			sourceTree = "<group>";
		};
		2E527A722ACC83A1005B8B95 /* Views */ = {
			isa = PBXGroup;
			children = (
				2EDF8C942AD474A6003D64FC /* Home */,
				2EDF8C812AD452D6003D64FC /* Auth */,
				2E527A752ACC83B0005B8B95 /* Intro */,
			);
			path = Views;
			sourceTree = "<group>";
		};
		2E527A732ACC83A3005B8B95 /* Models */ = {
			isa = PBXGroup;
			children = (
			);
			path = Models;
			sourceTree = "<group>";
		};
		2E527A752ACC83B0005B8B95 /* Intro */ = {
			isa = PBXGroup;
			children = (
				2E527A762ACC83C0005B8B95 /* SelectLanguageView.swift */,
				2EDF8C452AD2DD58003D64FC /* LoadingView.swift */,
			);
			path = Intro;
			sourceTree = "<group>";
		};
		2EDF8C012AD1E224003D64FC /* Notification */ = {
			isa = PBXGroup;
			children = (
				2EDF8C022AD1E234003D64FC /* NoitificationContentView.swift */,
			);
			path = Notification;
			sourceTree = "<group>";
		};
		2EDF8C2E2AD2A352003D64FC /* Views */ = {
			isa = PBXGroup;
			children = (
				2EDF8C982AD482E3003D64FC /* Map */,
				2EDF8C512AD345C1003D64FC /* TextFields */,
				2EDF8C482AD2EE00003D64FC /* Loading */,
				2EDF8C472AD2EDF8003D64FC /* Buttons */,
			);
			path = Views;
			sourceTree = "<group>";
		};
		2EDF8C352AD2BDD0003D64FC /* Modifiers */ = {
			isa = PBXGroup;
			children = (
				2EDF8C382AD2BDE7003D64FC /* RectModifer.swift */,
				2EDF8C732AD444E2003D64FC /* TopLeftDismissModifier.swift */,
				2EDF8C7B2AD44AA9003D64FC /* YTextFieldCleanStyle.swift */,
				2EDF8C7D2AD44BCF003D64FC /* YTextFieldBottomInfo.swift */,
			);
			path = Modifiers;
			sourceTree = "<group>";
		};
		2EDF8C3A2AD2CCD2003D64FC /* Resources */ = {
			isa = PBXGroup;
			children = (
				2EDF8C3B2AD2CCD9003D64FC /* Localization */,
				2E527A442ACC80C8005B8B95 /* Assets.xcassets */,
			);
			path = Resources;
			sourceTree = "<group>";
		};
		2EDF8C3B2AD2CCD9003D64FC /* Localization */ = {
			isa = PBXGroup;
			children = (
				2EDF8C3C2AD2CD3F003D64FC /* Localizable.xcstrings */,
			);
			path = Localization;
			sourceTree = "<group>";
		};
		2EDF8C3F2AD2D84C003D64FC /* App */ = {
			isa = PBXGroup;
			children = (
				2EDF8C4B2AD309EC003D64FC /* ViewModels */,
				2E527A732ACC83A3005B8B95 /* Models */,
				2E527A722ACC83A1005B8B95 /* Views */,
				2EDF8C422AD2DCAC003D64FC /* Main */,
				2E527A402ACC80C6005B8B95 /* UnitedFuelFinderApp.swift */,
			);
			path = App;
			sourceTree = "<group>";
		};
		2EDF8C422AD2DCAC003D64FC /* Main */ = {
			isa = PBXGroup;
			children = (
				2E527A422ACC80C6005B8B95 /* MainView.swift */,
			);
			path = Main;
			sourceTree = "<group>";
		};
		2EDF8C472AD2EDF8003D64FC /* Buttons */ = {
			isa = PBXGroup;
			children = (
				2EDF8C2F2AD2A35F003D64FC /* SubmitButton.swift */,
				2EDF8C332AD2A8CE003D64FC /* RadioButton.swift */,
				2EDF8C5F2AD43822003D64FC /* CheckButton.swift */,
			);
			path = Buttons;
			sourceTree = "<group>";
		};
		2EDF8C482AD2EE00003D64FC /* Loading */ = {
			isa = PBXGroup;
			children = (
				2EDF8C492AD2EE08003D64FC /* ActivityIndicatorView.swift */,
			);
			path = Loading;
			sourceTree = "<group>";
		};
		2EDF8C4B2AD309EC003D64FC /* ViewModels */ = {
			isa = PBXGroup;
			children = (
				2EDF8C6D2AD443F4003D64FC /* Auth */,
				2EDF8C4F2AD321B1003D64FC /* Main */,
				2EDF8C4C2AD309EF003D64FC /* Loading */,
			);
			path = ViewModels;
			sourceTree = "<group>";
		};
		2EDF8C4C2AD309EF003D64FC /* Loading */ = {
			isa = PBXGroup;
			children = (
				2EDF8C4D2AD309F9003D64FC /* LoadingViewModel.swift */,
			);
			path = Loading;
			sourceTree = "<group>";
		};
		2EDF8C4F2AD321B1003D64FC /* Main */ = {
			isa = PBXGroup;
			children = (
				2EDF8C402AD2D865003D64FC /* AppDestination.swift */,
				2EDF8C432AD2DCB8003D64FC /* MainViewModel.swift */,
			);
			path = Main;
			sourceTree = "<group>";
		};
		2EDF8C512AD345C1003D64FC /* TextFields */ = {
			isa = PBXGroup;
			children = (
				2EDF8C522AD345C1003D64FC /* TextFieldProtocol.swift */,
				2EDF8C532AD345C1003D64FC /* YTextField.swift */,
				2EDF8C542AD345C1003D64FC /* YFormattedField.swift */,
				2EDF8C552AD345C1003D64FC /* YPhoneField.swift */,
			);
			path = TextFields;
			sourceTree = "<group>";
		};
		2EDF8C5C2AD34623003D64FC /* Utils */ = {
			isa = PBXGroup;
			children = (
				2EDF8C5D2AD3462B003D64FC /* Padding.swift */,
			);
			path = Utils;
			sourceTree = "<group>";
		};
		2EDF8C642AD4427E003D64FC /* Pin */ = {
			isa = PBXGroup;
			children = (
				2EDF8C622AD44251003D64FC /* PinCodeView.swift */,
				2EDF8C652AD4428E003D64FC /* KeyboardView.swift */,
				2EDF8C672AD442AE003D64FC /* KeyboardKey.swift */,
			);
			path = Pin;
			sourceTree = "<group>";
		};
		2EDF8C6D2AD443F4003D64FC /* Auth */ = {
			isa = PBXGroup;
			children = (
				2EDF8C912AD466C9003D64FC /* Authorization */,
				2EDF8C782AD445BB003D64FC /* OTP */,
				2EDF8C6E2AD443F8003D64FC /* Pin */,
			);
			path = Auth;
			sourceTree = "<group>";
		};
		2EDF8C6E2AD443F8003D64FC /* Pin */ = {
			isa = PBXGroup;
			children = (
				2EDF8C6F2AD44401003D64FC /* PinCodeViewModel.swift */,
				2EDF8C712AD44407003D64FC /* KeyboardViewModel.swift */,
			);
			path = Pin;
			sourceTree = "<group>";
		};
		2EDF8C752AD44560003D64FC /* OTP */ = {
			isa = PBXGroup;
			children = (
				2EDF8C762AD44565003D64FC /* OTPView.swift */,
			);
			path = OTP;
			sourceTree = "<group>";
		};
		2EDF8C782AD445BB003D64FC /* OTP */ = {
			isa = PBXGroup;
			children = (
				2EDF8C792AD445C3003D64FC /* OTPViewModel.swift */,
			);
			path = OTP;
			sourceTree = "<group>";
		};
		2EDF8C812AD452D6003D64FC /* Auth */ = {
			isa = PBXGroup;
			children = (
				2EDF8C832AD452F1003D64FC /* Authenticate */,
				2EDF8C822AD452E9003D64FC /* RegisterProfile */,
				2EDF8C752AD44560003D64FC /* OTP */,
				2EDF8C642AD4427E003D64FC /* Pin */,
			);
			path = Auth;
			sourceTree = "<group>";
		};
		2EDF8C822AD452E9003D64FC /* RegisterProfile */ = {
			isa = PBXGroup;
			children = (
				2E527A7A2ACC8402005B8B95 /* RegisterProfileView.swift */,
			);
			path = RegisterProfile;
			sourceTree = "<group>";
		};
		2EDF8C832AD452F1003D64FC /* Authenticate */ = {
			isa = PBXGroup;
			children = (
				2E527A782ACC83DB005B8B95 /* AuthView.swift */,
			);
			path = Authenticate;
			sourceTree = "<group>";
		};
		2EDF8C912AD466C9003D64FC /* Authorization */ = {
			isa = PBXGroup;
			children = (
				2EDF8C922AD466D2003D64FC /* AuthorizationViewModel.swift */,
			);
			path = Authorization;
			sourceTree = "<group>";
		};
		2EDF8C942AD474A6003D64FC /* Home */ = {
			isa = PBXGroup;
			children = (
				2EDF8C952AD474AA003D64FC /* HomeView.swift */,
			);
			path = Home;
			sourceTree = "<group>";
		};
		2EDF8C982AD482E3003D64FC /* Map */ = {
			isa = PBXGroup;
			children = (
				2EDF8CBB2AD482F0003D64FC /* Annotations */,
				2EDF8CB42AD482F0003D64FC /* Configuration */,
				2EDF8CA72AD482F0003D64FC /* Extensions */,
				2EDF8CAD2AD482F0003D64FC /* Map */,
				2EDF8C992AD482F0003D64FC /* Overlays */,
				2EDF8CA12AD482F0003D64FC /* Views */,
			);
			path = Map;
			sourceTree = "<group>";
		};
		2EDF8C992AD482F0003D64FC /* Overlays */ = {
			isa = PBXGroup;
			children = (
				2EDF8C9A2AD482F0003D64FC /* MapCircle.swift */,
				2EDF8C9B2AD482F0003D64FC /* MapPolyline.swift */,
				2EDF8C9C2AD482F0003D64FC /* MapMultiPolygon.swift */,
				2EDF8C9D2AD482F0003D64FC /* RendererMapOverlay.swift */,
				2EDF8C9E2AD482F0003D64FC /* MapOverlay.swift */,
				2EDF8C9F2AD482F0003D64FC /* MapPolygon.swift */,
				2EDF8CA02AD482F0003D64FC /* MapMultiPolyline.swift */,
			);
			path = Overlays;
			sourceTree = "<group>";
		};
		2EDF8CA12AD482F0003D64FC /* Views */ = {
			isa = PBXGroup;
			children = (
				2EDF8CA22AD482F0003D64FC /* MapScale.swift */,
				2EDF8CA32AD482F0003D64FC /* MapZoomControl.swift */,
				2EDF8CA42AD482F0003D64FC /* MapPitchControl.swift */,
				2EDF8CA52AD482F0003D64FC /* MapUserTrackingButton.swift */,
				2EDF8CA62AD482F0003D64FC /* MapCompass.swift */,
			);
			path = Views;
			sourceTree = "<group>";
		};
		2EDF8CA72AD482F0003D64FC /* Extensions */ = {
			isa = PBXGroup;
			children = (
				2EDF8CA82AD482F0003D64FC /* MapKit.swift */,
				2EDF8CA92AD482F0003D64FC /* NativeHostingController.swift */,
				2EDF8CAA2AD482F0003D64FC /* NativeColor.swift */,
				2EDF8CAB2AD482F0003D64FC /* Identifiable.swift */,
				2EDF8CAC2AD482F0003D64FC /* MapRegistry.swift */,
			);
			path = Extensions;
			sourceTree = "<group>";
		};
		2EDF8CAD2AD482F0003D64FC /* Map */ = {
			isa = PBXGroup;
			children = (
				2EDF8CAE2AD482F0003D64FC /* Map+Coordinator.swift */,
				2EDF8CAF2AD482F0003D64FC /* Map+UIKit.swift */,
				2EDF8CB02AD482F0003D64FC /* Map+Watch.swift */,
				2EDF8CB12AD482F0003D64FC /* Map+Watch+Coordinator.swift */,
				2EDF8CB22AD482F0003D64FC /* Map+AppKit.swift */,
				2EDF8CB32AD482F0003D64FC /* UMap.swift */,
			);
			path = Map;
			sourceTree = "<group>";
		};
		2EDF8CB42AD482F0003D64FC /* Configuration */ = {
			isa = PBXGroup;
			children = (
				2EDF8CB52AD482F0003D64FC /* SingleValueBuilder.swift */,
				2EDF8CB62AD482F0003D64FC /* MapCameraZoomRange.swift */,
				2EDF8CB72AD482F0003D64FC /* MapInteractionModes.swift */,
				2EDF8CB82AD482F0003D64FC /* MapInformationVisibility.swift */,
				2EDF8CB92AD482F0003D64FC /* UserTrackingMode.swift */,
				2EDF8CBA2AD482F0003D64FC /* MapCameraBoundary.swift */,
			);
			path = Configuration;
			sourceTree = "<group>";
		};
		2EDF8CBB2AD482F0003D64FC /* Annotations */ = {
			isa = PBXGroup;
			children = (
				2EDF8CBC2AD482F0003D64FC /* MKMapAnnotationView.swift */,
				2EDF8CBD2AD482F0003D64FC /* MapMarker.swift */,
				2EDF8CBE2AD482F0003D64FC /* ImageAnnotation.swift */,
				2EDF8CBF2AD482F0003D64FC /* ViewMapAnnotation.swift */,
				2EDF8CC02AD482F0003D64FC /* MapPin.swift */,
				2EDF8CC12AD482F0003D64FC /* MapAnnotation.swift */,
			);
			path = Annotations;
			sourceTree = "<group>";
		};
		2EE91CFE2AD07D5C00A425B5 /* USDK */ = {
			isa = PBXGroup;
			children = (
				2EE91D2E2AD07F1C00A425B5 /* Network */,
				2EE91D2D2AD07F1600A425B5 /* Database */,
				2EE91D0A2AD07D6C00A425B5 /* Utils */,
				2EE91CFF2AD07D5C00A425B5 /* USDK.h */,
				2EE91D002AD07D5C00A425B5 /* USDK.docc */,
			);
			path = USDK;
			sourceTree = "<group>";
		};
		2EE91D0A2AD07D6C00A425B5 /* Utils */ = {
			isa = PBXGroup;
			children = (
				2EE91D192AD07DAD00A425B5 /* DatabaseConfig.swift */,
				2EE91D1A2AD07DAD00A425B5 /* Language.swift */,
				2EE91D142AD07DAD00A425B5 /* Logging.swift */,
				2EE91D152AD07DAD00A425B5 /* PropertyWrappers */,
				2EE91D0B2AD07D9700A425B5 /* Extensions */,
				2EE91D462AD080C400A425B5 /* UserSettings.swift */,
			);
			path = Utils;
			sourceTree = "<group>";
		};
		2EE91D0B2AD07D9700A425B5 /* Extensions */ = {
			isa = PBXGroup;
			children = (
				2EE91D442AD080AE00A425B5 /* URL+Extensions.swift */,
				2EE91D402AD0808300A425B5 /* NSMutableData+Extensions.swift */,
				2EE91D3F2AD0808300A425B5 /* URLRequest+Extensions.swift */,
				2EE91D3E2AD0808300A425B5 /* URLSession+Extensions.swift */,
				2EE91D0D2AD07DA500A425B5 /* Array+Extensions.swift */,
				2EE91D0C2AD07DA500A425B5 /* Date+Extensions.swift */,
				2EE91D0E2AD07DA500A425B5 /* Realm+Extensions.swift */,
				2EE91D0F2AD07DA500A425B5 /* String+Extensions.swift */,
				2EDF8C692AD44306003D64FC /* CGFloat+Extension.swift */,
				2EDF8C6B2AD44329003D64FC /* Number+Extension.swift */,
			);
			path = Extensions;
			sourceTree = "<group>";
		};
		2EE91D152AD07DAD00A425B5 /* PropertyWrappers */ = {
			isa = PBXGroup;
			children = (
				2EE91D162AD07DAD00A425B5 /* CodableWrapper.swift */,
				2EE91D172AD07DAD00A425B5 /* AnyWrapper.swift */,
				2EE91D182AD07DAD00A425B5 /* YKeychainWrapper.swift */,
			);
			path = PropertyWrappers;
			sourceTree = "<group>";
		};
		2EE91D2D2AD07F1600A425B5 /* Database */ = {
			isa = PBXGroup;
			children = (
				2EE91D482AD0810C00A425B5 /* Database.swift */,
			);
			path = Database;
			sourceTree = "<group>";
		};
		2EE91D2E2AD07F1C00A425B5 /* Network */ = {
			isa = PBXGroup;
			children = (
				2EE91D4A2AD0812200A425B5 /* Protocols */,
				2EE91D312AD07F4500A425B5 /* Response */,
				2EE91D2F2AD07F3600A425B5 /* Network.swift */,
			);
			path = Network;
			sourceTree = "<group>";
		};
		2EE91D312AD07F4500A425B5 /* Response */ = {
			isa = PBXGroup;
			children = (
				2EE91D322AD07F5900A425B5 /* NetRes.swift */,
			);
			path = Response;
			sourceTree = "<group>";
		};
		2EE91D352AD07FC200A425B5 /* Frameworks */ = {
			isa = PBXGroup;
			children = (
			);
			name = Frameworks;
			sourceTree = "<group>";
		};
		2EE91D4A2AD0812200A425B5 /* Protocols */ = {
			isa = PBXGroup;
			children = (
				2EE91D4B2AD0812F00A425B5 /* URLRequestProtocol.swift */,
				2EE91D4D2AD0813D00A425B5 /* NetResProtocol.swift */,
			);
			path = Protocols;
			sourceTree = "<group>";
		};
		2EE91D4F2AD10C9800A425B5 /* Utils */ = {
			isa = PBXGroup;
			children = (
			);
			path = Utils;
			sourceTree = "<group>";
		};
		2EE91D652AD1DD8D00A425B5 /* Extensions */ = {
			isa = PBXGroup;
			children = (
				2EDF8C562AD345C1003D64FC /* YTextField+Extension.swift */,
				2EDF8BFF2AD1E1FA003D64FC /* UIApp+Extension.swift */,
				2EDF8C2A2AD28B6B003D64FC /* Color+Extension.swift */,
			);
			path = Extensions;
			sourceTree = "<group>";
		};
		2EE91D6E2AD1DDC100A425B5 /* UnitedUIKit */ = {
			isa = PBXGroup;
			children = (
				2EDF8C5C2AD34623003D64FC /* Utils */,
				2EDF8C352AD2BDD0003D64FC /* Modifiers */,
				2EDF8C2E2AD2A352003D64FC /* Views */,
				2EDF8C012AD1E224003D64FC /* Notification */,
				2EE91D652AD1DD8D00A425B5 /* Extensions */,
				2EE91D592AD1DBEF00A425B5 /* AppWindowGroup.swift */,
				2EE91D6F2AD1DDC100A425B5 /* UnitedUIKit.h */,
				2EE91D702AD1DDC100A425B5 /* UnitedUIKit.docc */,
			);
			path = UnitedUIKit;
			sourceTree = "<group>";
		};
/* End PBXGroup section */

/* Begin PBXHeadersBuildPhase section */
		2EE91CF82AD07D5C00A425B5 /* Headers */ = {
			isa = PBXHeadersBuildPhase;
			buildActionMask = 2147483647;
			files = (
				2EE91D022AD07D5C00A425B5 /* USDK.h in Headers */,
			);
			runOnlyForDeploymentPostprocessing = 0;
		};
		2EE91D682AD1DDC100A425B5 /* Headers */ = {
			isa = PBXHeadersBuildPhase;
			buildActionMask = 2147483647;
			files = (
				2EE91D722AD1DDC100A425B5 /* UnitedUIKit.h in Headers */,
			);
			runOnlyForDeploymentPostprocessing = 0;
		};
/* End PBXHeadersBuildPhase section */

/* Begin PBXNativeTarget section */
		2E527A3C2ACC80C6005B8B95 /* UnitedFuelFinder */ = {
			isa = PBXNativeTarget;
			buildConfigurationList = 2E527A4B2ACC80C8005B8B95 /* Build configuration list for PBXNativeTarget "UnitedFuelFinder" */;
			buildPhases = (
				2E527A392ACC80C6005B8B95 /* Sources */,
				2E527A3A2ACC80C6005B8B95 /* Frameworks */,
				2E527A3B2ACC80C6005B8B95 /* Resources */,
				2E527A6E2ACC82AC005B8B95 /* Embed Frameworks */,
			);
			buildRules = (
			);
			dependencies = (
				2EE91D042AD07D5C00A425B5 /* PBXTargetDependency */,
				2EE91D742AD1DDC100A425B5 /* PBXTargetDependency */,
			);
			name = UnitedFuelFinder;
			packageProductDependencies = (
				2EDF8C222AD1F04A003D64FC /* Realm */,
				2EDF8C242AD1F04A003D64FC /* RealmSwift */,
				2EDF8C262AD1F04A003D64FC /* Kingfisher */,
				2EDF8C282AD1F04A003D64FC /* SwiftKeychainWrapper */,
			);
			productName = UnitedFuelFinder;
			productReference = 2E527A3D2ACC80C6005B8B95 /* UnitedFuelFinder.app */;
			productType = "com.apple.product-type.application";
		};
		2EE91CFC2AD07D5C00A425B5 /* USDK */ = {
			isa = PBXNativeTarget;
			buildConfigurationList = 2EE91D072AD07D5C00A425B5 /* Build configuration list for PBXNativeTarget "USDK" */;
			buildPhases = (
				2EE91CF82AD07D5C00A425B5 /* Headers */,
				2EE91CF92AD07D5C00A425B5 /* Sources */,
				2EE91CFA2AD07D5C00A425B5 /* Frameworks */,
				2EE91CFB2AD07D5C00A425B5 /* Resources */,
			);
			buildRules = (
			);
			dependencies = (
			);
			name = USDK;
			packageProductDependencies = (
				2EE91D362AD07FC200A425B5 /* Realm */,
				2EE91D382AD07FC200A425B5 /* RealmSwift */,
				2EE91D3A2AD07FC200A425B5 /* Kingfisher */,
				2EE91D3C2AD07FC200A425B5 /* SwiftKeychainWrapper */,
			);
			productName = USDK;
			productReference = 2EE91CFD2AD07D5C00A425B5 /* USDK.framework */;
			productType = "com.apple.product-type.framework";
		};
		2EE91D6C2AD1DDC100A425B5 /* UnitedUIKit */ = {
			isa = PBXNativeTarget;
			buildConfigurationList = 2EE91D772AD1DDC100A425B5 /* Build configuration list for PBXNativeTarget "UnitedUIKit" */;
			buildPhases = (
				2EE91D682AD1DDC100A425B5 /* Headers */,
				2EE91D692AD1DDC100A425B5 /* Sources */,
				2EE91D6A2AD1DDC100A425B5 /* Frameworks */,
				2EE91D6B2AD1DDC100A425B5 /* Resources */,
				2EDF8C212AD1F007003D64FC /* Embed Frameworks */,
			);
			buildRules = (
			);
			dependencies = (
				2EDF8C202AD1F007003D64FC /* PBXTargetDependency */,
			);
			name = UnitedUIKit;
			packageProductDependencies = (
				2EDF8C192AD1EE97003D64FC /* Realm */,
				2EDF8C1B2AD1EE97003D64FC /* RealmSwift */,
			);
			productName = UnitedUIKit;
			productReference = 2EE91D6D2AD1DDC100A425B5 /* UnitedUIKit.framework */;
			productType = "com.apple.product-type.framework";
		};
/* End PBXNativeTarget section */

/* Begin PBXProject section */
		2E527A352ACC80C6005B8B95 /* Project object */ = {
			isa = PBXProject;
			attributes = {
				BuildIndependentTargetsInParallel = 1;
				LastSwiftUpdateCheck = 1500;
				LastUpgradeCheck = 1500;
				TargetAttributes = {
					2E527A3C2ACC80C6005B8B95 = {
						CreatedOnToolsVersion = 15.0;
					};
					2EE91CFC2AD07D5C00A425B5 = {
						CreatedOnToolsVersion = 15.0;
					};
					2EE91D6C2AD1DDC100A425B5 = {
						CreatedOnToolsVersion = 15.0;
					};
				};
			};
			buildConfigurationList = 2E527A382ACC80C6005B8B95 /* Build configuration list for PBXProject "UnitedFuelFinder" */;
			compatibilityVersion = "Xcode 14.0";
			developmentRegion = en;
			hasScannedForEncodings = 0;
			knownRegions = (
				en,
				Base,
				ru,
				uz,
			);
			mainGroup = 2E527A342ACC80C6005B8B95;
			packageReferences = (
				2EE91D2A2AD07E3C00A425B5 /* XCRemoteSwiftPackageReference "realm-swift" */,
				2EE91D2B2AD07E6400A425B5 /* XCRemoteSwiftPackageReference "Kingfisher" */,
				2EE91D342AD07F8E00A425B5 /* XCRemoteSwiftPackageReference "SwiftKeychainWrapper" */,
			);
			productRefGroup = 2E527A3E2ACC80C6005B8B95 /* Products */;
			projectDirPath = "";
			projectRoot = "";
			targets = (
				2E527A3C2ACC80C6005B8B95 /* UnitedFuelFinder */,
				2EE91CFC2AD07D5C00A425B5 /* USDK */,
				2EE91D6C2AD1DDC100A425B5 /* UnitedUIKit */,
			);
		};
/* End PBXProject section */

/* Begin PBXResourcesBuildPhase section */
		2E527A3B2ACC80C6005B8B95 /* Resources */ = {
			isa = PBXResourcesBuildPhase;
			buildActionMask = 2147483647;
			files = (
				2E527A482ACC80C8005B8B95 /* Preview Assets.xcassets in Resources */,
				2E527A452ACC80C8005B8B95 /* Assets.xcassets in Resources */,
				2EDF8C3D2AD2CD3F003D64FC /* Localizable.xcstrings in Resources */,
			);
			runOnlyForDeploymentPostprocessing = 0;
		};
		2EE91CFB2AD07D5C00A425B5 /* Resources */ = {
			isa = PBXResourcesBuildPhase;
			buildActionMask = 2147483647;
			files = (
			);
			runOnlyForDeploymentPostprocessing = 0;
		};
		2EE91D6B2AD1DDC100A425B5 /* Resources */ = {
			isa = PBXResourcesBuildPhase;
			buildActionMask = 2147483647;
			files = (
			);
			runOnlyForDeploymentPostprocessing = 0;
		};
/* End PBXResourcesBuildPhase section */

/* Begin PBXSourcesBuildPhase section */
		2E527A392ACC80C6005B8B95 /* Sources */ = {
			isa = PBXSourcesBuildPhase;
			buildActionMask = 2147483647;
			files = (
				2EDF8C442AD2DCB8003D64FC /* MainViewModel.swift in Sources */,
				2EDF8C702AD44401003D64FC /* PinCodeViewModel.swift in Sources */,
				2E527A432ACC80C6005B8B95 /* MainView.swift in Sources */,
				2E527A772ACC83C0005B8B95 /* SelectLanguageView.swift in Sources */,
				2EDF8C632AD44251003D64FC /* PinCodeView.swift in Sources */,
				2EDF8C722AD44407003D64FC /* KeyboardViewModel.swift in Sources */,
				2EDF8C662AD4428E003D64FC /* KeyboardView.swift in Sources */,
				2E527A7B2ACC8402005B8B95 /* RegisterProfileView.swift in Sources */,
				2E527A792ACC83DB005B8B95 /* AuthView.swift in Sources */,
				2EDF8C962AD474AA003D64FC /* HomeView.swift in Sources */,
				2EDF8C462AD2DD58003D64FC /* LoadingView.swift in Sources */,
				2EDF8C932AD466D2003D64FC /* AuthorizationViewModel.swift in Sources */,
				2EDF8C412AD2D865003D64FC /* AppDestination.swift in Sources */,
				2EDF8C772AD44565003D64FC /* OTPView.swift in Sources */,
				2EDF8C7A2AD445C3003D64FC /* OTPViewModel.swift in Sources */,
				2E527A412ACC80C6005B8B95 /* UnitedFuelFinderApp.swift in Sources */,
				2EDF8C682AD442AE003D64FC /* KeyboardKey.swift in Sources */,
				2EDF8C4E2AD309F9003D64FC /* LoadingViewModel.swift in Sources */,
			);
			runOnlyForDeploymentPostprocessing = 0;
		};
		2EE91CF92AD07D5C00A425B5 /* Sources */ = {
			isa = PBXSourcesBuildPhase;
			buildActionMask = 2147483647;
			files = (
				2EE91D452AD080AE00A425B5 /* URL+Extensions.swift in Sources */,
				2EE91D242AD07DAD00A425B5 /* DatabaseConfig.swift in Sources */,
				2EE91D132AD07DA500A425B5 /* String+Extensions.swift in Sources */,
				2EE91D302AD07F3600A425B5 /* Network.swift in Sources */,
				2EE91D422AD0808300A425B5 /* URLRequest+Extensions.swift in Sources */,
				2EE91D212AD07DAD00A425B5 /* CodableWrapper.swift in Sources */,
				2EDF8C6A2AD44306003D64FC /* CGFloat+Extension.swift in Sources */,
				2EE91D202AD07DAD00A425B5 /* Logging.swift in Sources */,
				2EE91D232AD07DAD00A425B5 /* YKeychainWrapper.swift in Sources */,
				2EDF8C6C2AD44329003D64FC /* Number+Extension.swift in Sources */,
				2EE91D012AD07D5C00A425B5 /* USDK.docc in Sources */,
				2EE91D222AD07DAD00A425B5 /* AnyWrapper.swift in Sources */,
				2EE91D432AD0808300A425B5 /* NSMutableData+Extensions.swift in Sources */,
				2EE91D332AD07F5900A425B5 /* NetRes.swift in Sources */,
				2EE91D4E2AD0813D00A425B5 /* NetResProtocol.swift in Sources */,
				2EE91D122AD07DA500A425B5 /* Realm+Extensions.swift in Sources */,
				2EE91D4C2AD0812F00A425B5 /* URLRequestProtocol.swift in Sources */,
				2EE91D472AD080C500A425B5 /* UserSettings.swift in Sources */,
				2EE91D112AD07DA500A425B5 /* Array+Extensions.swift in Sources */,
				2EE91D102AD07DA500A425B5 /* Date+Extensions.swift in Sources */,
				2EE91D412AD0808300A425B5 /* URLSession+Extensions.swift in Sources */,
				2EE91D492AD0810C00A425B5 /* Database.swift in Sources */,
				2EE91D252AD07DAD00A425B5 /* Language.swift in Sources */,
			);
			runOnlyForDeploymentPostprocessing = 0;
		};
		2EE91D692AD1DDC100A425B5 /* Sources */ = {
			isa = PBXSourcesBuildPhase;
			buildActionMask = 2147483647;
			files = (
				2EDF8CE02AD482F0003D64FC /* MapMarker.swift in Sources */,
				2EDF8C002AD1E1FA003D64FC /* UIApp+Extension.swift in Sources */,
				2EDF8C572AD345C1003D64FC /* TextFieldProtocol.swift in Sources */,
				2EDF8C342AD2A8CE003D64FC /* RadioButton.swift in Sources */,
				2EDF8C5A2AD345C1003D64FC /* YPhoneField.swift in Sources */,
				2EDF8CDA2AD482F0003D64FC /* MapCameraZoomRange.swift in Sources */,
				2EDF8CD32AD482F0003D64FC /* Map+Coordinator.swift in Sources */,
				2EDF8CD02AD482F0003D64FC /* NativeColor.swift in Sources */,
				2EDF8CE12AD482F0003D64FC /* ImageAnnotation.swift in Sources */,
				2EDF8CC32AD482F0003D64FC /* MapPolyline.swift in Sources */,
				2EDF8C592AD345C1003D64FC /* YFormattedField.swift in Sources */,
				2EDF8CCC2AD482F0003D64FC /* MapUserTrackingButton.swift in Sources */,
				2EDF8CD42AD482F0003D64FC /* Map+UIKit.swift in Sources */,
				2EDF8CD82AD482F0003D64FC /* UMap.swift in Sources */,
				2EDF8C5B2AD345C1003D64FC /* YTextField+Extension.swift in Sources */,
				2EDF8C742AD444E2003D64FC /* TopLeftDismissModifier.swift in Sources */,
				2EDF8C602AD43822003D64FC /* CheckButton.swift in Sources */,
				2EDF8C302AD2A35F003D64FC /* SubmitButton.swift in Sources */,
				2EE91D7A2AD1DDCC00A425B5 /* AppWindowGroup.swift in Sources */,
				2EDF8CCA2AD482F0003D64FC /* MapZoomControl.swift in Sources */,
				2EDF8CCE2AD482F0003D64FC /* MapKit.swift in Sources */,
				2EDF8CC62AD482F0003D64FC /* MapOverlay.swift in Sources */,
				2EDF8CC42AD482F0003D64FC /* MapMultiPolygon.swift in Sources */,
				2EDF8CDC2AD482F0003D64FC /* MapInformationVisibility.swift in Sources */,
				2EE91D712AD1DDC100A425B5 /* UnitedUIKit.docc in Sources */,
				2EDF8CD12AD482F0003D64FC /* Identifiable.swift in Sources */,
				2EDF8CD62AD482F0003D64FC /* Map+Watch+Coordinator.swift in Sources */,
				2EDF8CC82AD482F0003D64FC /* MapMultiPolyline.swift in Sources */,
				2EDF8CD52AD482F0003D64FC /* Map+Watch.swift in Sources */,
				2EDF8CE42AD482F0003D64FC /* MapAnnotation.swift in Sources */,
				2EDF8CDB2AD482F0003D64FC /* MapInteractionModes.swift in Sources */,
				2EDF8C392AD2BDE7003D64FC /* RectModifer.swift in Sources */,
				2EDF8C7E2AD44BCF003D64FC /* YTextFieldBottomInfo.swift in Sources */,
				2EDF8C4A2AD2EE08003D64FC /* ActivityIndicatorView.swift in Sources */,
				2EDF8CCB2AD482F0003D64FC /* MapPitchControl.swift in Sources */,
				2EDF8CC22AD482F0003D64FC /* MapCircle.swift in Sources */,
				2EDF8CC52AD482F0003D64FC /* RendererMapOverlay.swift in Sources */,
				2EDF8CCD2AD482F0003D64FC /* MapCompass.swift in Sources */,
				2EDF8CC72AD482F0003D64FC /* MapPolygon.swift in Sources */,
				2EDF8CCF2AD482F0003D64FC /* NativeHostingController.swift in Sources */,
				2EDF8C5E2AD3462B003D64FC /* Padding.swift in Sources */,
				2EDF8C582AD345C1003D64FC /* YTextField.swift in Sources */,
				2EDF8CD22AD482F0003D64FC /* MapRegistry.swift in Sources */,
				2EDF8CE22AD482F0003D64FC /* ViewMapAnnotation.swift in Sources */,
				2EDF8CD92AD482F0003D64FC /* SingleValueBuilder.swift in Sources */,
				2EDF8CD72AD482F0003D64FC /* Map+AppKit.swift in Sources */,
				2EDF8C7C2AD44AA9003D64FC /* YTextFieldCleanStyle.swift in Sources */,
				2EDF8CE32AD482F0003D64FC /* MapPin.swift in Sources */,
				2EDF8CDD2AD482F0003D64FC /* UserTrackingMode.swift in Sources */,
				2EDF8C032AD1E234003D64FC /* NoitificationContentView.swift in Sources */,
				2EDF8CDF2AD482F0003D64FC /* MKMapAnnotationView.swift in Sources */,
				2EDF8CDE2AD482F0003D64FC /* MapCameraBoundary.swift in Sources */,
				2EDF8CC92AD482F0003D64FC /* MapScale.swift in Sources */,
				2EDF8C2B2AD28B6B003D64FC /* Color+Extension.swift in Sources */,
			);
			runOnlyForDeploymentPostprocessing = 0;
		};
/* End PBXSourcesBuildPhase section */

/* Begin PBXTargetDependency section */
		2EDF8C202AD1F007003D64FC /* PBXTargetDependency */ = {
			isa = PBXTargetDependency;
			target = 2EE91CFC2AD07D5C00A425B5 /* USDK */;
			targetProxy = 2EDF8C1F2AD1F007003D64FC /* PBXContainerItemProxy */;
		};
		2EE91D042AD07D5C00A425B5 /* PBXTargetDependency */ = {
			isa = PBXTargetDependency;
			target = 2EE91CFC2AD07D5C00A425B5 /* USDK */;
			targetProxy = 2EE91D032AD07D5C00A425B5 /* PBXContainerItemProxy */;
		};
		2EE91D742AD1DDC100A425B5 /* PBXTargetDependency */ = {
			isa = PBXTargetDependency;
			target = 2EE91D6C2AD1DDC100A425B5 /* UnitedUIKit */;
			targetProxy = 2EE91D732AD1DDC100A425B5 /* PBXContainerItemProxy */;
		};
/* End PBXTargetDependency section */

/* Begin XCBuildConfiguration section */
		2E527A492ACC80C8005B8B95 /* Debug */ = {
			isa = XCBuildConfiguration;
			buildSettings = {
				ALWAYS_SEARCH_USER_PATHS = NO;
				ASSETCATALOG_COMPILER_GENERATE_SWIFT_ASSET_SYMBOL_EXTENSIONS = YES;
				CLANG_ANALYZER_NONNULL = YES;
				CLANG_ANALYZER_NUMBER_OBJECT_CONVERSION = YES_AGGRESSIVE;
				CLANG_CXX_LANGUAGE_STANDARD = "gnu++20";
				CLANG_ENABLE_MODULES = YES;
				CLANG_ENABLE_OBJC_ARC = YES;
				CLANG_ENABLE_OBJC_WEAK = YES;
				CLANG_WARN_BLOCK_CAPTURE_AUTORELEASING = YES;
				CLANG_WARN_BOOL_CONVERSION = YES;
				CLANG_WARN_COMMA = YES;
				CLANG_WARN_CONSTANT_CONVERSION = YES;
				CLANG_WARN_DEPRECATED_OBJC_IMPLEMENTATIONS = YES;
				CLANG_WARN_DIRECT_OBJC_ISA_USAGE = YES_ERROR;
				CLANG_WARN_DOCUMENTATION_COMMENTS = YES;
				CLANG_WARN_EMPTY_BODY = YES;
				CLANG_WARN_ENUM_CONVERSION = YES;
				CLANG_WARN_INFINITE_RECURSION = YES;
				CLANG_WARN_INT_CONVERSION = YES;
				CLANG_WARN_NON_LITERAL_NULL_CONVERSION = YES;
				CLANG_WARN_OBJC_IMPLICIT_RETAIN_SELF = YES;
				CLANG_WARN_OBJC_LITERAL_CONVERSION = YES;
				CLANG_WARN_OBJC_ROOT_CLASS = YES_ERROR;
				CLANG_WARN_QUOTED_INCLUDE_IN_FRAMEWORK_HEADER = YES;
				CLANG_WARN_RANGE_LOOP_ANALYSIS = YES;
				CLANG_WARN_STRICT_PROTOTYPES = YES;
				CLANG_WARN_SUSPICIOUS_MOVE = YES;
				CLANG_WARN_UNGUARDED_AVAILABILITY = YES_AGGRESSIVE;
				CLANG_WARN_UNREACHABLE_CODE = YES;
				CLANG_WARN__DUPLICATE_METHOD_MATCH = YES;
				COPY_PHASE_STRIP = NO;
				DEBUG_INFORMATION_FORMAT = dwarf;
				ENABLE_STRICT_OBJC_MSGSEND = YES;
				ENABLE_TESTABILITY = YES;
				ENABLE_USER_SCRIPT_SANDBOXING = YES;
				GCC_C_LANGUAGE_STANDARD = gnu17;
				GCC_DYNAMIC_NO_PIC = NO;
				GCC_NO_COMMON_BLOCKS = YES;
				GCC_OPTIMIZATION_LEVEL = 0;
				GCC_PREPROCESSOR_DEFINITIONS = (
					"DEBUG=1",
					"$(inherited)",
				);
				GCC_WARN_64_TO_32_BIT_CONVERSION = YES;
				GCC_WARN_ABOUT_RETURN_TYPE = YES_ERROR;
				GCC_WARN_UNDECLARED_SELECTOR = YES;
				GCC_WARN_UNINITIALIZED_AUTOS = YES_AGGRESSIVE;
				GCC_WARN_UNUSED_FUNCTION = YES;
				GCC_WARN_UNUSED_VARIABLE = YES;
				IPHONEOS_DEPLOYMENT_TARGET = 16.6;
				LOCALIZATION_PREFERS_STRING_CATALOGS = YES;
				MTL_ENABLE_DEBUG_INFO = INCLUDE_SOURCE;
				MTL_FAST_MATH = YES;
				ONLY_ACTIVE_ARCH = YES;
				SDKROOT = iphoneos;
				SWIFT_ACTIVE_COMPILATION_CONDITIONS = "DEBUG $(inherited)";
				SWIFT_OPTIMIZATION_LEVEL = "-Onone";
			};
			name = Debug;
		};
		2E527A4A2ACC80C8005B8B95 /* Release */ = {
			isa = XCBuildConfiguration;
			buildSettings = {
				ALWAYS_SEARCH_USER_PATHS = NO;
				ASSETCATALOG_COMPILER_GENERATE_SWIFT_ASSET_SYMBOL_EXTENSIONS = YES;
				CLANG_ANALYZER_NONNULL = YES;
				CLANG_ANALYZER_NUMBER_OBJECT_CONVERSION = YES_AGGRESSIVE;
				CLANG_CXX_LANGUAGE_STANDARD = "gnu++20";
				CLANG_ENABLE_MODULES = YES;
				CLANG_ENABLE_OBJC_ARC = YES;
				CLANG_ENABLE_OBJC_WEAK = YES;
				CLANG_WARN_BLOCK_CAPTURE_AUTORELEASING = YES;
				CLANG_WARN_BOOL_CONVERSION = YES;
				CLANG_WARN_COMMA = YES;
				CLANG_WARN_CONSTANT_CONVERSION = YES;
				CLANG_WARN_DEPRECATED_OBJC_IMPLEMENTATIONS = YES;
				CLANG_WARN_DIRECT_OBJC_ISA_USAGE = YES_ERROR;
				CLANG_WARN_DOCUMENTATION_COMMENTS = YES;
				CLANG_WARN_EMPTY_BODY = YES;
				CLANG_WARN_ENUM_CONVERSION = YES;
				CLANG_WARN_INFINITE_RECURSION = YES;
				CLANG_WARN_INT_CONVERSION = YES;
				CLANG_WARN_NON_LITERAL_NULL_CONVERSION = YES;
				CLANG_WARN_OBJC_IMPLICIT_RETAIN_SELF = YES;
				CLANG_WARN_OBJC_LITERAL_CONVERSION = YES;
				CLANG_WARN_OBJC_ROOT_CLASS = YES_ERROR;
				CLANG_WARN_QUOTED_INCLUDE_IN_FRAMEWORK_HEADER = YES;
				CLANG_WARN_RANGE_LOOP_ANALYSIS = YES;
				CLANG_WARN_STRICT_PROTOTYPES = YES;
				CLANG_WARN_SUSPICIOUS_MOVE = YES;
				CLANG_WARN_UNGUARDED_AVAILABILITY = YES_AGGRESSIVE;
				CLANG_WARN_UNREACHABLE_CODE = YES;
				CLANG_WARN__DUPLICATE_METHOD_MATCH = YES;
				COPY_PHASE_STRIP = NO;
				DEBUG_INFORMATION_FORMAT = "dwarf-with-dsym";
				ENABLE_NS_ASSERTIONS = NO;
				ENABLE_STRICT_OBJC_MSGSEND = YES;
				ENABLE_USER_SCRIPT_SANDBOXING = YES;
				GCC_C_LANGUAGE_STANDARD = gnu17;
				GCC_NO_COMMON_BLOCKS = YES;
				GCC_WARN_64_TO_32_BIT_CONVERSION = YES;
				GCC_WARN_ABOUT_RETURN_TYPE = YES_ERROR;
				GCC_WARN_UNDECLARED_SELECTOR = YES;
				GCC_WARN_UNINITIALIZED_AUTOS = YES_AGGRESSIVE;
				GCC_WARN_UNUSED_FUNCTION = YES;
				GCC_WARN_UNUSED_VARIABLE = YES;
				IPHONEOS_DEPLOYMENT_TARGET = 16.6;
				LOCALIZATION_PREFERS_STRING_CATALOGS = YES;
				MTL_ENABLE_DEBUG_INFO = NO;
				MTL_FAST_MATH = YES;
				SDKROOT = iphoneos;
				SWIFT_COMPILATION_MODE = wholemodule;
				VALIDATE_PRODUCT = YES;
			};
			name = Release;
		};
		2E527A4C2ACC80C8005B8B95 /* Debug */ = {
			isa = XCBuildConfiguration;
			buildSettings = {
				ALWAYS_EMBED_SWIFT_STANDARD_LIBRARIES = YES;
				ASSETCATALOG_COMPILER_APPICON_NAME = AppIcon;
				ASSETCATALOG_COMPILER_GLOBAL_ACCENT_COLOR_NAME = AccentColor;
				CODE_SIGN_STYLE = Automatic;
				CURRENT_PROJECT_VERSION = 1;
				DEVELOPMENT_ASSET_PATHS = "\"UnitedFuelFinder/Preview Content\"";
				DEVELOPMENT_TEAM = 84D2TM7KGZ;
				ENABLE_PREVIEWS = YES;
				GENERATE_INFOPLIST_FILE = YES;
				INFOPLIST_KEY_NSLocationWhenInUseUsageDescription = "App needs to know your location in order to locate you on the map";
				INFOPLIST_KEY_UIApplicationSceneManifest_Generation = YES;
				INFOPLIST_KEY_UIApplicationSupportsIndirectInputEvents = YES;
				INFOPLIST_KEY_UILaunchScreen_Generation = YES;
				INFOPLIST_KEY_UISupportedInterfaceOrientations = UIInterfaceOrientationPortrait;
				INFOPLIST_KEY_UISupportedInterfaceOrientations_iPad = "UIInterfaceOrientationPortrait UIInterfaceOrientationPortraitUpsideDown";
				LD_RUNPATH_SEARCH_PATHS = (
					"$(inherited)",
					"@executable_path/Frameworks",
				);
				MARKETING_VERSION = 1.0;
				PRODUCT_BUNDLE_IDENTIFIER = com.energy.UnitedFuelFinder;
				PRODUCT_NAME = "$(TARGET_NAME)";
				SWIFT_EMIT_LOC_STRINGS = YES;
				SWIFT_VERSION = 5.0;
				TARGETED_DEVICE_FAMILY = "1,2";
			};
			name = Debug;
		};
		2E527A4D2ACC80C8005B8B95 /* Release */ = {
			isa = XCBuildConfiguration;
			buildSettings = {
				ALWAYS_EMBED_SWIFT_STANDARD_LIBRARIES = YES;
				ASSETCATALOG_COMPILER_APPICON_NAME = AppIcon;
				ASSETCATALOG_COMPILER_GLOBAL_ACCENT_COLOR_NAME = AccentColor;
				CODE_SIGN_STYLE = Automatic;
				CURRENT_PROJECT_VERSION = 1;
				DEVELOPMENT_ASSET_PATHS = "\"UnitedFuelFinder/Preview Content\"";
				DEVELOPMENT_TEAM = 84D2TM7KGZ;
				ENABLE_PREVIEWS = YES;
				GENERATE_INFOPLIST_FILE = YES;
				INFOPLIST_KEY_NSLocationWhenInUseUsageDescription = "App needs to know your location in order to locate you on the map";
				INFOPLIST_KEY_UIApplicationSceneManifest_Generation = YES;
				INFOPLIST_KEY_UIApplicationSupportsIndirectInputEvents = YES;
				INFOPLIST_KEY_UILaunchScreen_Generation = YES;
				INFOPLIST_KEY_UISupportedInterfaceOrientations = UIInterfaceOrientationPortrait;
				INFOPLIST_KEY_UISupportedInterfaceOrientations_iPad = "UIInterfaceOrientationPortrait UIInterfaceOrientationPortraitUpsideDown";
				LD_RUNPATH_SEARCH_PATHS = (
					"$(inherited)",
					"@executable_path/Frameworks",
				);
				MARKETING_VERSION = 1.0;
				PRODUCT_BUNDLE_IDENTIFIER = com.energy.UnitedFuelFinder;
				PRODUCT_NAME = "$(TARGET_NAME)";
				SWIFT_EMIT_LOC_STRINGS = YES;
				SWIFT_VERSION = 5.0;
				TARGETED_DEVICE_FAMILY = "1,2";
			};
			name = Release;
		};
		2EE91D082AD07D5C00A425B5 /* Debug */ = {
			isa = XCBuildConfiguration;
			buildSettings = {
				CODE_SIGN_STYLE = Automatic;
				CURRENT_PROJECT_VERSION = 1;
				DEFINES_MODULE = YES;
				DEVELOPMENT_TEAM = 84D2TM7KGZ;
				DYLIB_COMPATIBILITY_VERSION = 1;
				DYLIB_CURRENT_VERSION = 1;
				DYLIB_INSTALL_NAME_BASE = "@rpath";
				ENABLE_MODULE_VERIFIER = YES;
				GENERATE_INFOPLIST_FILE = YES;
				INFOPLIST_KEY_NSHumanReadableCopyright = "";
				INSTALL_PATH = "$(LOCAL_LIBRARY_DIR)/Frameworks";
				IPHONEOS_DEPLOYMENT_TARGET = 16.6;
				LD_RUNPATH_SEARCH_PATHS = (
					"$(inherited)",
					"@executable_path/Frameworks",
					"@loader_path/Frameworks",
				);
				MARKETING_VERSION = 1.0;
				MODULE_VERIFIER_SUPPORTED_LANGUAGES = "objective-c objective-c++";
				MODULE_VERIFIER_SUPPORTED_LANGUAGE_STANDARDS = "gnu17 gnu++20";
				PRODUCT_BUNDLE_IDENTIFIER = com.energy.USDK;
				PRODUCT_NAME = "$(TARGET_NAME:c99extidentifier)";
				SKIP_INSTALL = YES;
				SWIFT_EMIT_LOC_STRINGS = YES;
				SWIFT_VERSION = 5.0;
				TARGETED_DEVICE_FAMILY = "1,2";
				VERSIONING_SYSTEM = "apple-generic";
				VERSION_INFO_PREFIX = "";
			};
			name = Debug;
		};
		2EE91D092AD07D5C00A425B5 /* Release */ = {
			isa = XCBuildConfiguration;
			buildSettings = {
				CODE_SIGN_STYLE = Automatic;
				CURRENT_PROJECT_VERSION = 1;
				DEFINES_MODULE = YES;
				DEVELOPMENT_TEAM = 84D2TM7KGZ;
				DYLIB_COMPATIBILITY_VERSION = 1;
				DYLIB_CURRENT_VERSION = 1;
				DYLIB_INSTALL_NAME_BASE = "@rpath";
				ENABLE_MODULE_VERIFIER = YES;
				GENERATE_INFOPLIST_FILE = YES;
				INFOPLIST_KEY_NSHumanReadableCopyright = "";
				INSTALL_PATH = "$(LOCAL_LIBRARY_DIR)/Frameworks";
				IPHONEOS_DEPLOYMENT_TARGET = 16.6;
				LD_RUNPATH_SEARCH_PATHS = (
					"$(inherited)",
					"@executable_path/Frameworks",
					"@loader_path/Frameworks",
				);
				MARKETING_VERSION = 1.0;
				MODULE_VERIFIER_SUPPORTED_LANGUAGES = "objective-c objective-c++";
				MODULE_VERIFIER_SUPPORTED_LANGUAGE_STANDARDS = "gnu17 gnu++20";
				PRODUCT_BUNDLE_IDENTIFIER = com.energy.USDK;
				PRODUCT_NAME = "$(TARGET_NAME:c99extidentifier)";
				SKIP_INSTALL = YES;
				SWIFT_EMIT_LOC_STRINGS = YES;
				SWIFT_VERSION = 5.0;
				TARGETED_DEVICE_FAMILY = "1,2";
				VERSIONING_SYSTEM = "apple-generic";
				VERSION_INFO_PREFIX = "";
			};
			name = Release;
		};
		2EE91D782AD1DDC100A425B5 /* Debug */ = {
			isa = XCBuildConfiguration;
			buildSettings = {
				CODE_SIGN_STYLE = Automatic;
				CURRENT_PROJECT_VERSION = 1;
				DEFINES_MODULE = YES;
				DEVELOPMENT_TEAM = 84D2TM7KGZ;
				DYLIB_COMPATIBILITY_VERSION = 1;
				DYLIB_CURRENT_VERSION = 1;
				DYLIB_INSTALL_NAME_BASE = "@rpath";
				ENABLE_MODULE_VERIFIER = YES;
				GENERATE_INFOPLIST_FILE = YES;
				INFOPLIST_KEY_NSHumanReadableCopyright = "";
				INSTALL_PATH = "$(LOCAL_LIBRARY_DIR)/Frameworks";
				IPHONEOS_DEPLOYMENT_TARGET = 16.6;
				LD_RUNPATH_SEARCH_PATHS = (
					"$(inherited)",
					"@executable_path/Frameworks",
					"@loader_path/Frameworks",
				);
				MARKETING_VERSION = 1.0;
				MODULE_VERIFIER_SUPPORTED_LANGUAGES = "objective-c objective-c++";
				MODULE_VERIFIER_SUPPORTED_LANGUAGE_STANDARDS = "gnu17 gnu++20";
				PRODUCT_BUNDLE_IDENTIFIER = com.energy.UnitedUIKit;
				PRODUCT_NAME = "$(TARGET_NAME:c99extidentifier)";
				SKIP_INSTALL = YES;
				SWIFT_EMIT_LOC_STRINGS = YES;
				SWIFT_VERSION = 5.0;
				TARGETED_DEVICE_FAMILY = "1,2";
				VERSIONING_SYSTEM = "apple-generic";
				VERSION_INFO_PREFIX = "";
			};
			name = Debug;
		};
		2EE91D792AD1DDC100A425B5 /* Release */ = {
			isa = XCBuildConfiguration;
			buildSettings = {
				CODE_SIGN_STYLE = Automatic;
				CURRENT_PROJECT_VERSION = 1;
				DEFINES_MODULE = YES;
				DEVELOPMENT_TEAM = 84D2TM7KGZ;
				DYLIB_COMPATIBILITY_VERSION = 1;
				DYLIB_CURRENT_VERSION = 1;
				DYLIB_INSTALL_NAME_BASE = "@rpath";
				ENABLE_MODULE_VERIFIER = YES;
				GENERATE_INFOPLIST_FILE = YES;
				INFOPLIST_KEY_NSHumanReadableCopyright = "";
				INSTALL_PATH = "$(LOCAL_LIBRARY_DIR)/Frameworks";
				IPHONEOS_DEPLOYMENT_TARGET = 16.6;
				LD_RUNPATH_SEARCH_PATHS = (
					"$(inherited)",
					"@executable_path/Frameworks",
					"@loader_path/Frameworks",
				);
				MARKETING_VERSION = 1.0;
				MODULE_VERIFIER_SUPPORTED_LANGUAGES = "objective-c objective-c++";
				MODULE_VERIFIER_SUPPORTED_LANGUAGE_STANDARDS = "gnu17 gnu++20";
				PRODUCT_BUNDLE_IDENTIFIER = com.energy.UnitedUIKit;
				PRODUCT_NAME = "$(TARGET_NAME:c99extidentifier)";
				SKIP_INSTALL = YES;
				SWIFT_EMIT_LOC_STRINGS = YES;
				SWIFT_VERSION = 5.0;
				TARGETED_DEVICE_FAMILY = "1,2";
				VERSIONING_SYSTEM = "apple-generic";
				VERSION_INFO_PREFIX = "";
			};
			name = Release;
		};
/* End XCBuildConfiguration section */

/* Begin XCConfigurationList section */
		2E527A382ACC80C6005B8B95 /* Build configuration list for PBXProject "UnitedFuelFinder" */ = {
			isa = XCConfigurationList;
			buildConfigurations = (
				2E527A492ACC80C8005B8B95 /* Debug */,
				2E527A4A2ACC80C8005B8B95 /* Release */,
			);
			defaultConfigurationIsVisible = 0;
			defaultConfigurationName = Release;
		};
		2E527A4B2ACC80C8005B8B95 /* Build configuration list for PBXNativeTarget "UnitedFuelFinder" */ = {
			isa = XCConfigurationList;
			buildConfigurations = (
				2E527A4C2ACC80C8005B8B95 /* Debug */,
				2E527A4D2ACC80C8005B8B95 /* Release */,
			);
			defaultConfigurationIsVisible = 0;
			defaultConfigurationName = Release;
		};
		2EE91D072AD07D5C00A425B5 /* Build configuration list for PBXNativeTarget "USDK" */ = {
			isa = XCConfigurationList;
			buildConfigurations = (
				2EE91D082AD07D5C00A425B5 /* Debug */,
				2EE91D092AD07D5C00A425B5 /* Release */,
			);
			defaultConfigurationIsVisible = 0;
			defaultConfigurationName = Release;
		};
		2EE91D772AD1DDC100A425B5 /* Build configuration list for PBXNativeTarget "UnitedUIKit" */ = {
			isa = XCConfigurationList;
			buildConfigurations = (
				2EE91D782AD1DDC100A425B5 /* Debug */,
				2EE91D792AD1DDC100A425B5 /* Release */,
			);
			defaultConfigurationIsVisible = 0;
			defaultConfigurationName = Release;
		};
/* End XCConfigurationList section */

/* Begin XCRemoteSwiftPackageReference section */
		2EE91D2A2AD07E3C00A425B5 /* XCRemoteSwiftPackageReference "realm-swift" */ = {
			isa = XCRemoteSwiftPackageReference;
			repositoryURL = "https://github.com/realm/realm-swift.git";
			requirement = {
				branch = master;
				kind = branch;
			};
		};
		2EE91D2B2AD07E6400A425B5 /* XCRemoteSwiftPackageReference "Kingfisher" */ = {
			isa = XCRemoteSwiftPackageReference;
			repositoryURL = "https://github.com/onevcat/Kingfisher.git";
			requirement = {
				kind = upToNextMajorVersion;
				minimumVersion = 7.9.1;
			};
		};
		2EE91D342AD07F8E00A425B5 /* XCRemoteSwiftPackageReference "SwiftKeychainWrapper" */ = {
			isa = XCRemoteSwiftPackageReference;
			repositoryURL = "https://github.com/jrendel/SwiftKeychainWrapper.git";
			requirement = {
				kind = upToNextMajorVersion;
				minimumVersion = 4.0.1;
			};
		};
/* End XCRemoteSwiftPackageReference section */

/* Begin XCSwiftPackageProductDependency section */
		2EDF8C192AD1EE97003D64FC /* Realm */ = {
			isa = XCSwiftPackageProductDependency;
			package = 2EE91D2A2AD07E3C00A425B5 /* XCRemoteSwiftPackageReference "realm-swift" */;
			productName = Realm;
		};
		2EDF8C1B2AD1EE97003D64FC /* RealmSwift */ = {
			isa = XCSwiftPackageProductDependency;
			package = 2EE91D2A2AD07E3C00A425B5 /* XCRemoteSwiftPackageReference "realm-swift" */;
			productName = RealmSwift;
		};
		2EDF8C222AD1F04A003D64FC /* Realm */ = {
			isa = XCSwiftPackageProductDependency;
			package = 2EE91D2A2AD07E3C00A425B5 /* XCRemoteSwiftPackageReference "realm-swift" */;
			productName = Realm;
		};
		2EDF8C242AD1F04A003D64FC /* RealmSwift */ = {
			isa = XCSwiftPackageProductDependency;
			package = 2EE91D2A2AD07E3C00A425B5 /* XCRemoteSwiftPackageReference "realm-swift" */;
			productName = RealmSwift;
		};
		2EDF8C262AD1F04A003D64FC /* Kingfisher */ = {
			isa = XCSwiftPackageProductDependency;
			package = 2EE91D2B2AD07E6400A425B5 /* XCRemoteSwiftPackageReference "Kingfisher" */;
			productName = Kingfisher;
		};
		2EDF8C282AD1F04A003D64FC /* SwiftKeychainWrapper */ = {
			isa = XCSwiftPackageProductDependency;
			package = 2EE91D342AD07F8E00A425B5 /* XCRemoteSwiftPackageReference "SwiftKeychainWrapper" */;
			productName = SwiftKeychainWrapper;
		};
		2EE91D362AD07FC200A425B5 /* Realm */ = {
			isa = XCSwiftPackageProductDependency;
			package = 2EE91D2A2AD07E3C00A425B5 /* XCRemoteSwiftPackageReference "realm-swift" */;
			productName = Realm;
		};
		2EE91D382AD07FC200A425B5 /* RealmSwift */ = {
			isa = XCSwiftPackageProductDependency;
			package = 2EE91D2A2AD07E3C00A425B5 /* XCRemoteSwiftPackageReference "realm-swift" */;
			productName = RealmSwift;
		};
		2EE91D3A2AD07FC200A425B5 /* Kingfisher */ = {
			isa = XCSwiftPackageProductDependency;
			package = 2EE91D2B2AD07E6400A425B5 /* XCRemoteSwiftPackageReference "Kingfisher" */;
			productName = Kingfisher;
		};
		2EE91D3C2AD07FC200A425B5 /* SwiftKeychainWrapper */ = {
			isa = XCSwiftPackageProductDependency;
			package = 2EE91D342AD07F8E00A425B5 /* XCRemoteSwiftPackageReference "SwiftKeychainWrapper" */;
			productName = SwiftKeychainWrapper;
		};
/* End XCSwiftPackageProductDependency section */
	};
	rootObject = 2E527A352ACC80C6005B8B95 /* Project object */;
}
